// !$*UTF8*$!
{
	archiveVersion = 1;
	classes = {
	};
	objectVersion = 77;
	objects = {

/* Begin PBXBuildFile section */
		0B46EBC92E7AB56B000052DC /* LoginFeature.framework in Frameworks */ = {isa = PBXBuildFile; fileRef = 0B46EBBF2E7AB56B000052DC /* LoginFeature.framework */; };
		0B46EBD42E7AB56B000052DC /* LoginFeature.framework in Frameworks */ = {isa = PBXBuildFile; fileRef = 0B46EBBF2E7AB56B000052DC /* LoginFeature.framework */; };
		0B46EBD52E7AB56B000052DC /* LoginFeature.framework in Embed Frameworks */ = {isa = PBXBuildFile; fileRef = 0B46EBBF2E7AB56B000052DC /* LoginFeature.framework */; settings = {ATTRIBUTES = (CodeSignOnCopy, RemoveHeadersOnCopy, ); }; };
		0B46EC132E7AB921000052DC /* Core.framework in Frameworks */ = {isa = PBXBuildFile; fileRef = 0B46EC092E7AB91F000052DC /* Core.framework */; };
		0B46EC1E2E7AB921000052DC /* Core.framework in Frameworks */ = {isa = PBXBuildFile; fileRef = 0B46EC092E7AB91F000052DC /* Core.framework */; };
		0B46EC1F2E7AB921000052DC /* Core.framework in Embed Frameworks */ = {isa = PBXBuildFile; fileRef = 0B46EC092E7AB91F000052DC /* Core.framework */; settings = {ATTRIBUTES = (CodeSignOnCopy, RemoveHeadersOnCopy, ); }; };
		0B46ECA52E7CDE31000052DC /* AppDI.swift in Sources */ = {isa = PBXBuildFile; fileRef = 0B46ECA42E7CDE31000052DC /* AppDI.swift */; };
		0B46ECA82E7CDEE9000052DC /* Swinject in Frameworks */ = {isa = PBXBuildFile; productRef = 0B46ECA72E7CDEE9000052DC /* Swinject */; };
		0B575FDE2E6C37F100C00A60 /* FeedFeature.framework in Frameworks */ = {isa = PBXBuildFile; fileRef = 0B575FD42E6C37EE00C00A60 /* FeedFeature.framework */; };
		0B575FE92E6C37F100C00A60 /* FeedFeature.framework in Frameworks */ = {isa = PBXBuildFile; fileRef = 0B575FD42E6C37EE00C00A60 /* FeedFeature.framework */; };
		0B575FEA2E6C37F100C00A60 /* FeedFeature.framework in Embed Frameworks */ = {isa = PBXBuildFile; fileRef = 0B575FD42E6C37EE00C00A60 /* FeedFeature.framework */; settings = {ATTRIBUTES = (CodeSignOnCopy, RemoveHeadersOnCopy, ); }; };
		0BE3837A2E7F3DB600FA1610 /* KeyChainHelper.swift in Sources */ = {isa = PBXBuildFile; fileRef = 0BE383792E7F3DB600FA1610 /* KeyChainHelper.swift */; };
		0BE3837C2E7F4D2800FA1610 /* FeedRepo.swift in Sources */ = {isa = PBXBuildFile; fileRef = 0BE3837B2E7F4D2800FA1610 /* FeedRepo.swift */; };
		0BE3837F2E7F62B900FA1610 /* Feed.xcdatamodeld in Sources */ = {isa = PBXBuildFile; fileRef = 0BE3837D2E7F62B900FA1610 /* Feed.xcdatamodeld */; };
		0BE383812E7F65D500FA1610 /* FeedDataStore.swift in Sources */ = {isa = PBXBuildFile; fileRef = 0BE383802E7F65D500FA1610 /* FeedDataStore.swift */; };
		0BE383822E7F6BFB00FA1610 /* FeedService.swift in Sources */ = {isa = PBXBuildFile; fileRef = 0BE383402E7CF55600FA1610 /* FeedService.swift */; };
		0BE383852E7F75BD00FA1610 /* FeedProvider.swift in Sources */ = {isa = PBXBuildFile; fileRef = 0BE383842E7F75BD00FA1610 /* FeedProvider.swift */; };
		88D27463350579121DC72A6F /* Pods_PostsApp.framework in Frameworks */ = {isa = PBXBuildFile; fileRef = B9059BF9DBCEA298B65F44B4 /* Pods_PostsApp.framework */; };
		D207206DF09C928EB7A00E47 /* Pods_LoginFeature.framework in Frameworks */ = {isa = PBXBuildFile; fileRef = 902CD6AB8393CDC38994ADFF /* Pods_LoginFeature.framework */; };
		E2F181FF8185F8F24FB9A715 /* Pods_FeedFeature.framework in Frameworks */ = {isa = PBXBuildFile; fileRef = 7CE98875483191910AFD5968 /* Pods_FeedFeature.framework */; };
		FD1E5D0A2C5B9FC50062D2E7 /* PostsAppApp.swift in Sources */ = {isa = PBXBuildFile; fileRef = FD1E5D092C5B9FC50062D2E7 /* PostsAppApp.swift */; };
		FD1E5D0E2C5B9FC90062D2E7 /* Assets.xcassets in Resources */ = {isa = PBXBuildFile; fileRef = FD1E5D0D2C5B9FC90062D2E7 /* Assets.xcassets */; };
		FD1E5D112C5B9FC90062D2E7 /* Preview Assets.xcassets in Resources */ = {isa = PBXBuildFile; fileRef = FD1E5D102C5B9FC90062D2E7 /* Preview Assets.xcassets */; };
/* End PBXBuildFile section */

/* Begin PBXContainerItemProxy section */
		0B46EBCA2E7AB56B000052DC /* PBXContainerItemProxy */ = {
			isa = PBXContainerItemProxy;
			containerPortal = FD1E5CFE2C5B9FC50062D2E7 /* Project object */;
			proxyType = 1;
			remoteGlobalIDString = 0B46EBBE2E7AB56B000052DC;
			remoteInfo = LoginFeature;
		};
		0B46EBCC2E7AB56B000052DC /* PBXContainerItemProxy */ = {
			isa = PBXContainerItemProxy;
			containerPortal = FD1E5CFE2C5B9FC50062D2E7 /* Project object */;
			proxyType = 1;
			remoteGlobalIDString = FD1E5D052C5B9FC50062D2E7;
			remoteInfo = PostsApp;
		};
		0B46EBD22E7AB56B000052DC /* PBXContainerItemProxy */ = {
			isa = PBXContainerItemProxy;
			containerPortal = FD1E5CFE2C5B9FC50062D2E7 /* Project object */;
			proxyType = 1;
			remoteGlobalIDString = 0B46EBBE2E7AB56B000052DC;
			remoteInfo = LoginFeature;
		};
		0B46EC142E7AB921000052DC /* PBXContainerItemProxy */ = {
			isa = PBXContainerItemProxy;
			containerPortal = FD1E5CFE2C5B9FC50062D2E7 /* Project object */;
			proxyType = 1;
			remoteGlobalIDString = 0B46EC082E7AB91F000052DC;
			remoteInfo = Core;
		};
		0B46EC162E7AB921000052DC /* PBXContainerItemProxy */ = {
			isa = PBXContainerItemProxy;
			containerPortal = FD1E5CFE2C5B9FC50062D2E7 /* Project object */;
			proxyType = 1;
			remoteGlobalIDString = FD1E5D052C5B9FC50062D2E7;
			remoteInfo = PostsApp;
		};
		0B46EC1C2E7AB921000052DC /* PBXContainerItemProxy */ = {
			isa = PBXContainerItemProxy;
			containerPortal = FD1E5CFE2C5B9FC50062D2E7 /* Project object */;
			proxyType = 1;
			remoteGlobalIDString = 0B46EC082E7AB91F000052DC;
			remoteInfo = Core;
		};
		0B575FB32E61CEB400C00A60 /* PBXContainerItemProxy */ = {
			isa = PBXContainerItemProxy;
			containerPortal = FD1E5CFE2C5B9FC50062D2E7 /* Project object */;
			proxyType = 1;
			remoteGlobalIDString = FD1E5D052C5B9FC50062D2E7;
			remoteInfo = PostsApp;
		};
		0B575FDF2E6C37F100C00A60 /* PBXContainerItemProxy */ = {
			isa = PBXContainerItemProxy;
			containerPortal = FD1E5CFE2C5B9FC50062D2E7 /* Project object */;
			proxyType = 1;
			remoteGlobalIDString = 0B575FD32E6C37EE00C00A60;
			remoteInfo = FeedFeature;
		};
		0B575FE12E6C37F100C00A60 /* PBXContainerItemProxy */ = {
			isa = PBXContainerItemProxy;
			containerPortal = FD1E5CFE2C5B9FC50062D2E7 /* Project object */;
			proxyType = 1;
			remoteGlobalIDString = FD1E5D052C5B9FC50062D2E7;
			remoteInfo = PostsApp;
		};
		0B575FE72E6C37F100C00A60 /* PBXContainerItemProxy */ = {
			isa = PBXContainerItemProxy;
			containerPortal = FD1E5CFE2C5B9FC50062D2E7 /* Project object */;
			proxyType = 1;
			remoteGlobalIDString = 0B575FD32E6C37EE00C00A60;
			remoteInfo = FeedFeature;
		};
/* End PBXContainerItemProxy section */

/* Begin PBXCopyFilesBuildPhase section */
		0B575FEB2E6C37F200C00A60 /* Embed Frameworks */ = {
			isa = PBXCopyFilesBuildPhase;
			buildActionMask = 2147483647;
			dstPath = "";
			dstSubfolderSpec = 10;
			files = (
				0B575FEA2E6C37F100C00A60 /* FeedFeature.framework in Embed Frameworks */,
				0B46EC1F2E7AB921000052DC /* Core.framework in Embed Frameworks */,
				0B46EBD52E7AB56B000052DC /* LoginFeature.framework in Embed Frameworks */,
			);
			name = "Embed Frameworks";
			runOnlyForDeploymentPostprocessing = 0;
		};
/* End PBXCopyFilesBuildPhase section */

/* Begin PBXFileReference section */
		0B46EB752E78C245000052DC /* Info.plist */ = {isa = PBXFileReference; lastKnownFileType = text.plist; path = Info.plist; sourceTree = "<group>"; };
		0B46EBBF2E7AB56B000052DC /* LoginFeature.framework */ = {isa = PBXFileReference; explicitFileType = wrapper.framework; includeInIndex = 0; path = LoginFeature.framework; sourceTree = BUILT_PRODUCTS_DIR; };
		0B46EBC82E7AB56B000052DC /* LoginFeatureTests.xctest */ = {isa = PBXFileReference; explicitFileType = wrapper.cfbundle; includeInIndex = 0; path = LoginFeatureTests.xctest; sourceTree = BUILT_PRODUCTS_DIR; };
		0B46EC092E7AB91F000052DC /* Core.framework */ = {isa = PBXFileReference; explicitFileType = wrapper.framework; includeInIndex = 0; path = Core.framework; sourceTree = BUILT_PRODUCTS_DIR; };
		0B46EC122E7AB921000052DC /* CoreTests.xctest */ = {isa = PBXFileReference; explicitFileType = wrapper.cfbundle; includeInIndex = 0; path = CoreTests.xctest; sourceTree = BUILT_PRODUCTS_DIR; };
		0B46ECA42E7CDE31000052DC /* AppDI.swift */ = {isa = PBXFileReference; lastKnownFileType = sourcecode.swift; path = AppDI.swift; sourceTree = "<group>"; };
		0B575FAF2E61CEB400C00A60 /* PostsAppTests.xctest */ = {isa = PBXFileReference; explicitFileType = wrapper.cfbundle; includeInIndex = 0; path = PostsAppTests.xctest; sourceTree = BUILT_PRODUCTS_DIR; };
		0B575FD42E6C37EE00C00A60 /* FeedFeature.framework */ = {isa = PBXFileReference; explicitFileType = wrapper.framework; includeInIndex = 0; path = FeedFeature.framework; sourceTree = BUILT_PRODUCTS_DIR; };
		0B575FDD2E6C37F100C00A60 /* FeedFeatureTests.xctest */ = {isa = PBXFileReference; explicitFileType = wrapper.cfbundle; includeInIndex = 0; path = FeedFeatureTests.xctest; sourceTree = BUILT_PRODUCTS_DIR; };
		0B5760292E6C463500C00A60 /* Alamofire.framework */ = {isa = PBXFileReference; explicitFileType = wrapper.framework; path = Alamofire.framework; sourceTree = BUILT_PRODUCTS_DIR; };
		0B5760812E6C490500C00A60 /* Alamofire.framework */ = {isa = PBXFileReference; explicitFileType = wrapper.framework; path = Alamofire.framework; sourceTree = BUILT_PRODUCTS_DIR; };
		0B5760862E6C4A2600C00A60 /* Alamofire.framework */ = {isa = PBXFileReference; explicitFileType = wrapper.framework; path = Alamofire.framework; sourceTree = BUILT_PRODUCTS_DIR; };
		0BE383402E7CF55600FA1610 /* FeedService.swift */ = {isa = PBXFileReference; lastKnownFileType = sourcecode.swift; path = FeedService.swift; sourceTree = "<group>"; };
		0BE383792E7F3DB600FA1610 /* KeyChainHelper.swift */ = {isa = PBXFileReference; lastKnownFileType = sourcecode.swift; path = KeyChainHelper.swift; sourceTree = "<group>"; };
		0BE3837B2E7F4D2800FA1610 /* FeedRepo.swift */ = {isa = PBXFileReference; lastKnownFileType = sourcecode.swift; path = FeedRepo.swift; sourceTree = "<group>"; };
		0BE3837E2E7F62B900FA1610 /* Feed.xcdatamodel */ = {isa = PBXFileReference; lastKnownFileType = wrapper.xcdatamodel; path = Feed.xcdatamodel; sourceTree = "<group>"; };
		0BE383802E7F65D500FA1610 /* FeedDataStore.swift */ = {isa = PBXFileReference; lastKnownFileType = sourcecode.swift; path = FeedDataStore.swift; sourceTree = "<group>"; };
		0BE383842E7F75BD00FA1610 /* FeedProvider.swift */ = {isa = PBXFileReference; lastKnownFileType = sourcecode.swift; path = FeedProvider.swift; sourceTree = "<group>"; };
		45940F0DB46DFF148AF0689D /* Pods-PostsApp.debug.xcconfig */ = {isa = PBXFileReference; includeInIndex = 1; lastKnownFileType = text.xcconfig; name = "Pods-PostsApp.debug.xcconfig"; path = "Target Support Files/Pods-PostsApp/Pods-PostsApp.debug.xcconfig"; sourceTree = "<group>"; };
		5DBD80DE65F5E5A3F8E946AC /* Pods-FeedFeature.debug.xcconfig */ = {isa = PBXFileReference; includeInIndex = 1; lastKnownFileType = text.xcconfig; name = "Pods-FeedFeature.debug.xcconfig"; path = "Target Support Files/Pods-FeedFeature/Pods-FeedFeature.debug.xcconfig"; sourceTree = "<group>"; };
		7CE98875483191910AFD5968 /* Pods_FeedFeature.framework */ = {isa = PBXFileReference; explicitFileType = wrapper.framework; includeInIndex = 0; path = Pods_FeedFeature.framework; sourceTree = BUILT_PRODUCTS_DIR; };
		902CD6AB8393CDC38994ADFF /* Pods_LoginFeature.framework */ = {isa = PBXFileReference; explicitFileType = wrapper.framework; includeInIndex = 0; path = Pods_LoginFeature.framework; sourceTree = BUILT_PRODUCTS_DIR; };
		AD08014A754FD27F694467DE /* Pods-LoginFeature.release.xcconfig */ = {isa = PBXFileReference; includeInIndex = 1; lastKnownFileType = text.xcconfig; name = "Pods-LoginFeature.release.xcconfig"; path = "Target Support Files/Pods-LoginFeature/Pods-LoginFeature.release.xcconfig"; sourceTree = "<group>"; };
		B4C4E7C6F630D43CE9959865 /* Pods-FeedFeature.release.xcconfig */ = {isa = PBXFileReference; includeInIndex = 1; lastKnownFileType = text.xcconfig; name = "Pods-FeedFeature.release.xcconfig"; path = "Target Support Files/Pods-FeedFeature/Pods-FeedFeature.release.xcconfig"; sourceTree = "<group>"; };
		B9059BF9DBCEA298B65F44B4 /* Pods_PostsApp.framework */ = {isa = PBXFileReference; explicitFileType = wrapper.framework; includeInIndex = 0; path = Pods_PostsApp.framework; sourceTree = BUILT_PRODUCTS_DIR; };
		F578752D34839F984CB93E8C /* Pods-LoginFeature.debug.xcconfig */ = {isa = PBXFileReference; includeInIndex = 1; lastKnownFileType = text.xcconfig; name = "Pods-LoginFeature.debug.xcconfig"; path = "Target Support Files/Pods-LoginFeature/Pods-LoginFeature.debug.xcconfig"; sourceTree = "<group>"; };
		FC4D626432142F87688FA8F6 /* Pods-PostsApp.release.xcconfig */ = {isa = PBXFileReference; includeInIndex = 1; lastKnownFileType = text.xcconfig; name = "Pods-PostsApp.release.xcconfig"; path = "Target Support Files/Pods-PostsApp/Pods-PostsApp.release.xcconfig"; sourceTree = "<group>"; };
		FD1E5D062C5B9FC50062D2E7 /* PostsApp.app */ = {isa = PBXFileReference; explicitFileType = wrapper.application; includeInIndex = 0; path = PostsApp.app; sourceTree = BUILT_PRODUCTS_DIR; };
		FD1E5D092C5B9FC50062D2E7 /* PostsAppApp.swift */ = {isa = PBXFileReference; lastKnownFileType = sourcecode.swift; path = PostsAppApp.swift; sourceTree = "<group>"; };
		FD1E5D0D2C5B9FC90062D2E7 /* Assets.xcassets */ = {isa = PBXFileReference; lastKnownFileType = folder.assetcatalog; path = Assets.xcassets; sourceTree = "<group>"; };
		FD1E5D102C5B9FC90062D2E7 /* Preview Assets.xcassets */ = {isa = PBXFileReference; lastKnownFileType = folder.assetcatalog; path = "Preview Assets.xcassets"; sourceTree = "<group>"; };
/* End PBXFileReference section */

/* Begin PBXFileSystemSynchronizedBuildFileExceptionSet section */
		0B46EBD62E7AB56B000052DC /* Exceptions for "LoginFeature" folder in "LoginFeature" target */ = {
			isa = PBXFileSystemSynchronizedBuildFileExceptionSet;
			publicHeaders = (
				LoginFeature.h,
			);
			target = 0B46EBBE2E7AB56B000052DC /* LoginFeature */;
		};
		0B46EC242E7AB921000052DC /* Exceptions for "Core" folder in "Core" target */ = {
			isa = PBXFileSystemSynchronizedBuildFileExceptionSet;
			publicHeaders = (
				Core.h,
			);
			target = 0B46EC082E7AB91F000052DC /* Core */;
		};
		0B575FF02E6C37F200C00A60 /* Exceptions for "FeedFeature" folder in "FeedFeature" target */ = {
			isa = PBXFileSystemSynchronizedBuildFileExceptionSet;
			membershipExceptions = (
				Info.plist,
			);
			publicHeaders = (
				FeedFeature.h,
			);
			target = 0B575FD32E6C37EE00C00A60 /* FeedFeature */;
		};
/* End PBXFileSystemSynchronizedBuildFileExceptionSet section */

/* Begin PBXFileSystemSynchronizedRootGroup section */
		0B46EBC02E7AB56B000052DC /* LoginFeature */ = {
			isa = PBXFileSystemSynchronizedRootGroup;
			exceptions = (
				0B46EBD62E7AB56B000052DC /* Exceptions for "LoginFeature" folder in "LoginFeature" target */,
			);
			path = LoginFeature;
			sourceTree = "<group>";
		};
		0B46EBCE2E7AB56B000052DC /* LoginFeatureTests */ = {
			isa = PBXFileSystemSynchronizedRootGroup;
			path = LoginFeatureTests;
			sourceTree = "<group>";
		};
		0B46EC0A2E7AB91F000052DC /* Core */ = {
			isa = PBXFileSystemSynchronizedRootGroup;
			exceptions = (
				0B46EC242E7AB921000052DC /* Exceptions for "Core" folder in "Core" target */,
			);
			path = Core;
			sourceTree = "<group>";
		};
		0B46EC182E7AB921000052DC /* CoreTests */ = {
			isa = PBXFileSystemSynchronizedRootGroup;
			path = CoreTests;
			sourceTree = "<group>";
		};
		0B575FB02E61CEB400C00A60 /* PostsAppTests */ = {
			isa = PBXFileSystemSynchronizedRootGroup;
			path = PostsAppTests;
			sourceTree = "<group>";
		};
		0B575FD52E6C37EE00C00A60 /* FeedFeature */ = {
			isa = PBXFileSystemSynchronizedRootGroup;
			exceptions = (
				0B575FF02E6C37F200C00A60 /* Exceptions for "FeedFeature" folder in "FeedFeature" target */,
			);
			path = FeedFeature;
			sourceTree = "<group>";
		};
		0B575FE32E6C37F100C00A60 /* FeedFeatureTests */ = {
			isa = PBXFileSystemSynchronizedRootGroup;
			path = FeedFeatureTests;
			sourceTree = "<group>";
		};
/* End PBXFileSystemSynchronizedRootGroup section */

/* Begin PBXFrameworksBuildPhase section */
		0B46EBBC2E7AB56B000052DC /* Frameworks */ = {
			isa = PBXFrameworksBuildPhase;
			buildActionMask = 2147483647;
			files = (
				D207206DF09C928EB7A00E47 /* Pods_LoginFeature.framework in Frameworks */,
			);
			runOnlyForDeploymentPostprocessing = 0;
		};
		0B46EBC52E7AB56B000052DC /* Frameworks */ = {
			isa = PBXFrameworksBuildPhase;
			buildActionMask = 2147483647;
			files = (
				0B46EBC92E7AB56B000052DC /* LoginFeature.framework in Frameworks */,
			);
			runOnlyForDeploymentPostprocessing = 0;
		};
		0B46EC062E7AB91F000052DC /* Frameworks */ = {
			isa = PBXFrameworksBuildPhase;
			buildActionMask = 2147483647;
			files = (
			);
			runOnlyForDeploymentPostprocessing = 0;
		};
		0B46EC0F2E7AB921000052DC /* Frameworks */ = {
			isa = PBXFrameworksBuildPhase;
			buildActionMask = 2147483647;
			files = (
				0B46EC132E7AB921000052DC /* Core.framework in Frameworks */,
			);
			runOnlyForDeploymentPostprocessing = 0;
		};
		0B575FAC2E61CEB400C00A60 /* Frameworks */ = {
			isa = PBXFrameworksBuildPhase;
			buildActionMask = 2147483647;
			files = (
			);
			runOnlyForDeploymentPostprocessing = 0;
		};
		0B575FD12E6C37EE00C00A60 /* Frameworks */ = {
			isa = PBXFrameworksBuildPhase;
			buildActionMask = 2147483647;
			files = (
				E2F181FF8185F8F24FB9A715 /* Pods_FeedFeature.framework in Frameworks */,
			);
			runOnlyForDeploymentPostprocessing = 0;
		};
		0B575FDA2E6C37F100C00A60 /* Frameworks */ = {
			isa = PBXFrameworksBuildPhase;
			buildActionMask = 2147483647;
			files = (
				0B575FDE2E6C37F100C00A60 /* FeedFeature.framework in Frameworks */,
			);
			runOnlyForDeploymentPostprocessing = 0;
		};
		FD1E5D032C5B9FC50062D2E7 /* Frameworks */ = {
			isa = PBXFrameworksBuildPhase;
			buildActionMask = 2147483647;
			files = (
				0B46EBD42E7AB56B000052DC /* LoginFeature.framework in Frameworks */,
				0B46ECA82E7CDEE9000052DC /* Swinject in Frameworks */,
				0B575FE92E6C37F100C00A60 /* FeedFeature.framework in Frameworks */,
				88D27463350579121DC72A6F /* Pods_PostsApp.framework in Frameworks */,
				0B46EC1E2E7AB921000052DC /* Core.framework in Frameworks */,
			);
			runOnlyForDeploymentPostprocessing = 0;
		};
/* End PBXFrameworksBuildPhase section */

/* Begin PBXGroup section */
		0BE383832E7F754F00FA1610 /* Feed */ = {
			isa = PBXGroup;
			children = (
				0BE383402E7CF55600FA1610 /* FeedService.swift */,
				0BE3837B2E7F4D2800FA1610 /* FeedRepo.swift */,
				0BE383802E7F65D500FA1610 /* FeedDataStore.swift */,
				0BE383842E7F75BD00FA1610 /* FeedProvider.swift */,
			);
			path = Feed;
			sourceTree = "<group>";
		};
		435D2EC62F32AEADB3C13285 /* Frameworks */ = {
			isa = PBXGroup;
			children = (
				0B5760862E6C4A2600C00A60 /* Alamofire.framework */,
				0B5760812E6C490500C00A60 /* Alamofire.framework */,
				0B5760292E6C463500C00A60 /* Alamofire.framework */,
				7CE98875483191910AFD5968 /* Pods_FeedFeature.framework */,
				B9059BF9DBCEA298B65F44B4 /* Pods_PostsApp.framework */,
				902CD6AB8393CDC38994ADFF /* Pods_LoginFeature.framework */,
			);
			name = Frameworks;
			sourceTree = "<group>";
		};
		6B5CDF90D64E0F4E40111EAA /* Pods */ = {
			isa = PBXGroup;
			children = (
				5DBD80DE65F5E5A3F8E946AC /* Pods-FeedFeature.debug.xcconfig */,
				B4C4E7C6F630D43CE9959865 /* Pods-FeedFeature.release.xcconfig */,
				45940F0DB46DFF148AF0689D /* Pods-PostsApp.debug.xcconfig */,
				FC4D626432142F87688FA8F6 /* Pods-PostsApp.release.xcconfig */,
				F578752D34839F984CB93E8C /* Pods-LoginFeature.debug.xcconfig */,
				AD08014A754FD27F694467DE /* Pods-LoginFeature.release.xcconfig */,
			);
			path = Pods;
			sourceTree = "<group>";
		};
		FD1E5CFD2C5B9FC50062D2E7 = {
			isa = PBXGroup;
			children = (
				FD1E5D082C5B9FC50062D2E7 /* PostsApp */,
				0B575FB02E61CEB400C00A60 /* PostsAppTests */,
				0B575FD52E6C37EE00C00A60 /* FeedFeature */,
				0B575FE32E6C37F100C00A60 /* FeedFeatureTests */,
				0B46EBC02E7AB56B000052DC /* LoginFeature */,
				0B46EBCE2E7AB56B000052DC /* LoginFeatureTests */,
				0B46EC0A2E7AB91F000052DC /* Core */,
				0B46EC182E7AB921000052DC /* CoreTests */,
				FD1E5D072C5B9FC50062D2E7 /* Products */,
				6B5CDF90D64E0F4E40111EAA /* Pods */,
				435D2EC62F32AEADB3C13285 /* Frameworks */,
			);
			sourceTree = "<group>";
		};
		FD1E5D072C5B9FC50062D2E7 /* Products */ = {
			isa = PBXGroup;
			children = (
				FD1E5D062C5B9FC50062D2E7 /* PostsApp.app */,
				0B575FAF2E61CEB400C00A60 /* PostsAppTests.xctest */,
				0B575FD42E6C37EE00C00A60 /* FeedFeature.framework */,
				0B575FDD2E6C37F100C00A60 /* FeedFeatureTests.xctest */,
				0B46EBBF2E7AB56B000052DC /* LoginFeature.framework */,
				0B46EBC82E7AB56B000052DC /* LoginFeatureTests.xctest */,
				0B46EC092E7AB91F000052DC /* Core.framework */,
				0B46EC122E7AB921000052DC /* CoreTests.xctest */,
			);
			name = Products;
			sourceTree = "<group>";
		};
		FD1E5D082C5B9FC50062D2E7 /* PostsApp */ = {
			isa = PBXGroup;
			children = (
				0BE383832E7F754F00FA1610 /* Feed */,
				0B46EB752E78C245000052DC /* Info.plist */,
				FD1E5D092C5B9FC50062D2E7 /* PostsAppApp.swift */,
				0BE383792E7F3DB600FA1610 /* KeyChainHelper.swift */,
				0B46ECA42E7CDE31000052DC /* AppDI.swift */,
				0BE3837D2E7F62B900FA1610 /* Feed.xcdatamodeld */,
				FD1E5D0D2C5B9FC90062D2E7 /* Assets.xcassets */,
				FD1E5D0F2C5B9FC90062D2E7 /* Preview Content */,
			);
			path = PostsApp;
			sourceTree = "<group>";
		};
		FD1E5D0F2C5B9FC90062D2E7 /* Preview Content */ = {
			isa = PBXGroup;
			children = (
				FD1E5D102C5B9FC90062D2E7 /* Preview Assets.xcassets */,
			);
			path = "Preview Content";
			sourceTree = "<group>";
		};
/* End PBXGroup section */

/* Begin PBXHeadersBuildPhase section */
		0B46EBBA2E7AB56B000052DC /* Headers */ = {
			isa = PBXHeadersBuildPhase;
			buildActionMask = 2147483647;
			files = (
			);
			runOnlyForDeploymentPostprocessing = 0;
		};
		0B46EC042E7AB91F000052DC /* Headers */ = {
			isa = PBXHeadersBuildPhase;
			buildActionMask = 2147483647;
			files = (
			);
			runOnlyForDeploymentPostprocessing = 0;
		};
		0B575FCF2E6C37EE00C00A60 /* Headers */ = {
			isa = PBXHeadersBuildPhase;
			buildActionMask = 2147483647;
			files = (
			);
			runOnlyForDeploymentPostprocessing = 0;
		};
/* End PBXHeadersBuildPhase section */

/* Begin PBXNativeTarget section */
		0B46EBBE2E7AB56B000052DC /* LoginFeature */ = {
			isa = PBXNativeTarget;
			buildConfigurationList = 0B46EBD72E7AB56B000052DC /* Build configuration list for PBXNativeTarget "LoginFeature" */;
			buildPhases = (
				CB4A8410D33138AE477839E4 /* [CP] Check Pods Manifest.lock */,
				0B46EBBA2E7AB56B000052DC /* Headers */,
				0B46EBBB2E7AB56B000052DC /* Sources */,
				0B46EBBC2E7AB56B000052DC /* Frameworks */,
				0B46EBBD2E7AB56B000052DC /* Resources */,
			);
			buildRules = (
			);
			dependencies = (
			);
			fileSystemSynchronizedGroups = (
				0B46EBC02E7AB56B000052DC /* LoginFeature */,
			);
			name = LoginFeature;
			productName = LoginFeature;
			productReference = 0B46EBBF2E7AB56B000052DC /* LoginFeature.framework */;
			productType = "com.apple.product-type.framework";
		};
		0B46EBC72E7AB56B000052DC /* LoginFeatureTests */ = {
			isa = PBXNativeTarget;
			buildConfigurationList = 0B46EBDA2E7AB56B000052DC /* Build configuration list for PBXNativeTarget "LoginFeatureTests" */;
			buildPhases = (
				0B46EBC42E7AB56B000052DC /* Sources */,
				0B46EBC52E7AB56B000052DC /* Frameworks */,
				0B46EBC62E7AB56B000052DC /* Resources */,
			);
			buildRules = (
			);
			dependencies = (
				0B46EBCB2E7AB56B000052DC /* PBXTargetDependency */,
				0B46EBCD2E7AB56B000052DC /* PBXTargetDependency */,
			);
			fileSystemSynchronizedGroups = (
				0B46EBCE2E7AB56B000052DC /* LoginFeatureTests */,
			);
			name = LoginFeatureTests;
			productName = LoginFeatureTests;
			productReference = 0B46EBC82E7AB56B000052DC /* LoginFeatureTests.xctest */;
			productType = "com.apple.product-type.bundle.unit-test";
		};
		0B46EC082E7AB91F000052DC /* Core */ = {
			isa = PBXNativeTarget;
			buildConfigurationList = 0B46EC252E7AB921000052DC /* Build configuration list for PBXNativeTarget "Core" */;
			buildPhases = (
				0B46EC042E7AB91F000052DC /* Headers */,
				0B46EC052E7AB91F000052DC /* Sources */,
				0B46EC062E7AB91F000052DC /* Frameworks */,
				0B46EC072E7AB91F000052DC /* Resources */,
			);
			buildRules = (
			);
			dependencies = (
			);
			fileSystemSynchronizedGroups = (
				0B46EC0A2E7AB91F000052DC /* Core */,
			);
			name = Core;
			packageProductDependencies = (
			);
			productName = Core;
			productReference = 0B46EC092E7AB91F000052DC /* Core.framework */;
			productType = "com.apple.product-type.framework";
		};
		0B46EC112E7AB921000052DC /* CoreTests */ = {
			isa = PBXNativeTarget;
			buildConfigurationList = 0B46EC262E7AB921000052DC /* Build configuration list for PBXNativeTarget "CoreTests" */;
			buildPhases = (
				0B46EC0E2E7AB921000052DC /* Sources */,
				0B46EC0F2E7AB921000052DC /* Frameworks */,
				0B46EC102E7AB921000052DC /* Resources */,
			);
			buildRules = (
			);
			dependencies = (
				0B46EC152E7AB921000052DC /* PBXTargetDependency */,
				0B46EC172E7AB921000052DC /* PBXTargetDependency */,
			);
			fileSystemSynchronizedGroups = (
				0B46EC182E7AB921000052DC /* CoreTests */,
			);
			name = CoreTests;
			packageProductDependencies = (
			);
			productName = CoreTests;
			productReference = 0B46EC122E7AB921000052DC /* CoreTests.xctest */;
			productType = "com.apple.product-type.bundle.unit-test";
		};
		0B575FAE2E61CEB400C00A60 /* PostsAppTests */ = {
			isa = PBXNativeTarget;
			buildConfigurationList = 0B575FB52E61CEB400C00A60 /* Build configuration list for PBXNativeTarget "PostsAppTests" */;
			buildPhases = (
				0B575FAB2E61CEB400C00A60 /* Sources */,
				0B575FAC2E61CEB400C00A60 /* Frameworks */,
				0B575FAD2E61CEB400C00A60 /* Resources */,
			);
			buildRules = (
			);
			dependencies = (
				0B575FB42E61CEB400C00A60 /* PBXTargetDependency */,
			);
			fileSystemSynchronizedGroups = (
				0B575FB02E61CEB400C00A60 /* PostsAppTests */,
			);
			name = PostsAppTests;
			productName = PostsAppTests;
			productReference = 0B575FAF2E61CEB400C00A60 /* PostsAppTests.xctest */;
			productType = "com.apple.product-type.bundle.unit-test";
		};
		0B575FD32E6C37EE00C00A60 /* FeedFeature */ = {
			isa = PBXNativeTarget;
			buildConfigurationList = 0B575FF12E6C37F200C00A60 /* Build configuration list for PBXNativeTarget "FeedFeature" */;
			buildPhases = (
				3938A256D668C7140D0EFA3B /* [CP] Check Pods Manifest.lock */,
				0B575FCF2E6C37EE00C00A60 /* Headers */,
				0B575FD02E6C37EE00C00A60 /* Sources */,
				0B575FD12E6C37EE00C00A60 /* Frameworks */,
				0B575FD22E6C37EE00C00A60 /* Resources */,
			);
			buildRules = (
			);
			dependencies = (
			);
			fileSystemSynchronizedGroups = (
				0B575FD52E6C37EE00C00A60 /* FeedFeature */,
			);
			name = FeedFeature;
			productName = FeedFeature;
			productReference = 0B575FD42E6C37EE00C00A60 /* FeedFeature.framework */;
			productType = "com.apple.product-type.framework";
		};
		0B575FDC2E6C37F100C00A60 /* FeedFeatureTests */ = {
			isa = PBXNativeTarget;
			buildConfigurationList = 0B575FF22E6C37F200C00A60 /* Build configuration list for PBXNativeTarget "FeedFeatureTests" */;
			buildPhases = (
				0B575FD92E6C37F100C00A60 /* Sources */,
				0B575FDA2E6C37F100C00A60 /* Frameworks */,
				0B575FDB2E6C37F100C00A60 /* Resources */,
			);
			buildRules = (
			);
			dependencies = (
				0B575FE02E6C37F100C00A60 /* PBXTargetDependency */,
				0B575FE22E6C37F100C00A60 /* PBXTargetDependency */,
			);
			fileSystemSynchronizedGroups = (
				0B575FE32E6C37F100C00A60 /* FeedFeatureTests */,
			);
			name = FeedFeatureTests;
			productName = FeedFeatureTests;
			productReference = 0B575FDD2E6C37F100C00A60 /* FeedFeatureTests.xctest */;
			productType = "com.apple.product-type.bundle.unit-test";
		};
		FD1E5D052C5B9FC50062D2E7 /* PostsApp */ = {
			isa = PBXNativeTarget;
			buildConfigurationList = FD1E5D142C5B9FC90062D2E7 /* Build configuration list for PBXNativeTarget "PostsApp" */;
			buildPhases = (
				AFAC40F135381C72A379DC9C /* [CP] Check Pods Manifest.lock */,
				FD1E5D022C5B9FC50062D2E7 /* Sources */,
				FD1E5D032C5B9FC50062D2E7 /* Frameworks */,
				FD1E5D042C5B9FC50062D2E7 /* Resources */,
				0B575FEB2E6C37F200C00A60 /* Embed Frameworks */,
				58D3C9C759A1B61DA6D0E51A /* [CP] Embed Pods Frameworks */,
			);
			buildRules = (
			);
			dependencies = (
				0B575FE82E6C37F100C00A60 /* PBXTargetDependency */,
				0B46EBD32E7AB56B000052DC /* PBXTargetDependency */,
				0B46EC1D2E7AB921000052DC /* PBXTargetDependency */,
			);
			name = PostsApp;
			productName = PostsApp;
			productReference = FD1E5D062C5B9FC50062D2E7 /* PostsApp.app */;
			productType = "com.apple.product-type.application";
		};
/* End PBXNativeTarget section */

/* Begin PBXProject section */
		FD1E5CFE2C5B9FC50062D2E7 /* Project object */ = {
			isa = PBXProject;
			attributes = {
				BuildIndependentTargetsInParallel = 1;
				LastSwiftUpdateCheck = 1620;
				LastUpgradeCheck = 1540;
				TargetAttributes = {
					0B46EBBE2E7AB56B000052DC = {
						CreatedOnToolsVersion = 16.2;
					};
					0B46EBC72E7AB56B000052DC = {
						CreatedOnToolsVersion = 16.2;
						TestTargetID = FD1E5D052C5B9FC50062D2E7;
					};
					0B46EC082E7AB91F000052DC = {
						CreatedOnToolsVersion = 16.2;
					};
					0B46EC112E7AB921000052DC = {
						CreatedOnToolsVersion = 16.2;
						TestTargetID = FD1E5D052C5B9FC50062D2E7;
					};
					0B575FAE2E61CEB400C00A60 = {
						CreatedOnToolsVersion = 16.2;
						TestTargetID = FD1E5D052C5B9FC50062D2E7;
					};
					0B575FD32E6C37EE00C00A60 = {
						CreatedOnToolsVersion = 16.2;
					};
					0B575FDC2E6C37F100C00A60 = {
						CreatedOnToolsVersion = 16.2;
						TestTargetID = FD1E5D052C5B9FC50062D2E7;
					};
					FD1E5D052C5B9FC50062D2E7 = {
						CreatedOnToolsVersion = 15.4;
					};
				};
			};
			buildConfigurationList = FD1E5D012C5B9FC50062D2E7 /* Build configuration list for PBXProject "PostsApp" */;
			developmentRegion = en;
			hasScannedForEncodings = 0;
			knownRegions = (
				en,
				Base,
			);
			mainGroup = FD1E5CFD2C5B9FC50062D2E7;
			packageReferences = (
				0B46ECA62E7CDEE9000052DC /* XCRemoteSwiftPackageReference "Swinject" */,
			);
			preferredProjectObjectVersion = 77;
			productRefGroup = FD1E5D072C5B9FC50062D2E7 /* Products */;
			projectDirPath = "";
			projectRoot = "";
			targets = (
				FD1E5D052C5B9FC50062D2E7 /* PostsApp */,
				0B575FAE2E61CEB400C00A60 /* PostsAppTests */,
				0B575FD32E6C37EE00C00A60 /* FeedFeature */,
				0B575FDC2E6C37F100C00A60 /* FeedFeatureTests */,
				0B46EBBE2E7AB56B000052DC /* LoginFeature */,
				0B46EBC72E7AB56B000052DC /* LoginFeatureTests */,
				0B46EC082E7AB91F000052DC /* Core */,
				0B46EC112E7AB921000052DC /* CoreTests */,
			);
		};
/* End PBXProject section */

/* Begin PBXResourcesBuildPhase section */
		0B46EBBD2E7AB56B000052DC /* Resources */ = {
			isa = PBXResourcesBuildPhase;
			buildActionMask = 2147483647;
			files = (
			);
			runOnlyForDeploymentPostprocessing = 0;
		};
		0B46EBC62E7AB56B000052DC /* Resources */ = {
			isa = PBXResourcesBuildPhase;
			buildActionMask = 2147483647;
			files = (
			);
			runOnlyForDeploymentPostprocessing = 0;
		};
		0B46EC072E7AB91F000052DC /* Resources */ = {
			isa = PBXResourcesBuildPhase;
			buildActionMask = 2147483647;
			files = (
			);
			runOnlyForDeploymentPostprocessing = 0;
		};
		0B46EC102E7AB921000052DC /* Resources */ = {
			isa = PBXResourcesBuildPhase;
			buildActionMask = 2147483647;
			files = (
			);
			runOnlyForDeploymentPostprocessing = 0;
		};
		0B575FAD2E61CEB400C00A60 /* Resources */ = {
			isa = PBXResourcesBuildPhase;
			buildActionMask = 2147483647;
			files = (
			);
			runOnlyForDeploymentPostprocessing = 0;
		};
		0B575FD22E6C37EE00C00A60 /* Resources */ = {
			isa = PBXResourcesBuildPhase;
			buildActionMask = 2147483647;
			files = (
			);
			runOnlyForDeploymentPostprocessing = 0;
		};
		0B575FDB2E6C37F100C00A60 /* Resources */ = {
			isa = PBXResourcesBuildPhase;
			buildActionMask = 2147483647;
			files = (
			);
			runOnlyForDeploymentPostprocessing = 0;
		};
		FD1E5D042C5B9FC50062D2E7 /* Resources */ = {
			isa = PBXResourcesBuildPhase;
			buildActionMask = 2147483647;
			files = (
				FD1E5D112C5B9FC90062D2E7 /* Preview Assets.xcassets in Resources */,
				FD1E5D0E2C5B9FC90062D2E7 /* Assets.xcassets in Resources */,
			);
			runOnlyForDeploymentPostprocessing = 0;
		};
/* End PBXResourcesBuildPhase section */

/* Begin PBXShellScriptBuildPhase section */
		3938A256D668C7140D0EFA3B /* [CP] Check Pods Manifest.lock */ = {
			isa = PBXShellScriptBuildPhase;
			buildActionMask = 2147483647;
			files = (
			);
			inputFileListPaths = (
			);
			inputPaths = (
				"${PODS_PODFILE_DIR_PATH}/Podfile.lock",
				"${PODS_ROOT}/Manifest.lock",
			);
			name = "[CP] Check Pods Manifest.lock";
			outputFileListPaths = (
			);
			outputPaths = (
				"$(DERIVED_FILE_DIR)/Pods-FeedFeature-checkManifestLockResult.txt",
			);
			runOnlyForDeploymentPostprocessing = 0;
			shellPath = /bin/sh;
			shellScript = "diff \"${PODS_PODFILE_DIR_PATH}/Podfile.lock\" \"${PODS_ROOT}/Manifest.lock\" > /dev/null\nif [ $? != 0 ] ; then\n    # print error to STDERR\n    echo \"error: The sandbox is not in sync with the Podfile.lock. Run 'pod install' or update your CocoaPods installation.\" >&2\n    exit 1\nfi\n# This output is used by Xcode 'outputs' to avoid re-running this script phase.\necho \"SUCCESS\" > \"${SCRIPT_OUTPUT_FILE_0}\"\n";
			showEnvVarsInLog = 0;
		};
		58D3C9C759A1B61DA6D0E51A /* [CP] Embed Pods Frameworks */ = {
			isa = PBXShellScriptBuildPhase;
			buildActionMask = 2147483647;
			files = (
			);
			inputFileListPaths = (
				"${PODS_ROOT}/Target Support Files/Pods-PostsApp/Pods-PostsApp-frameworks-${CONFIGURATION}-input-files.xcfilelist",
			);
			name = "[CP] Embed Pods Frameworks";
			outputFileListPaths = (
				"${PODS_ROOT}/Target Support Files/Pods-PostsApp/Pods-PostsApp-frameworks-${CONFIGURATION}-output-files.xcfilelist",
			);
			runOnlyForDeploymentPostprocessing = 0;
			shellPath = /bin/sh;
			shellScript = "\"${PODS_ROOT}/Target Support Files/Pods-PostsApp/Pods-PostsApp-frameworks.sh\"\n";
			showEnvVarsInLog = 0;
		};
		AFAC40F135381C72A379DC9C /* [CP] Check Pods Manifest.lock */ = {
			isa = PBXShellScriptBuildPhase;
			buildActionMask = 2147483647;
			files = (
			);
			inputFileListPaths = (
			);
			inputPaths = (
				"${PODS_PODFILE_DIR_PATH}/Podfile.lock",
				"${PODS_ROOT}/Manifest.lock",
			);
			name = "[CP] Check Pods Manifest.lock";
			outputFileListPaths = (
			);
			outputPaths = (
				"$(DERIVED_FILE_DIR)/Pods-PostsApp-checkManifestLockResult.txt",
			);
			runOnlyForDeploymentPostprocessing = 0;
			shellPath = /bin/sh;
			shellScript = "diff \"${PODS_PODFILE_DIR_PATH}/Podfile.lock\" \"${PODS_ROOT}/Manifest.lock\" > /dev/null\nif [ $? != 0 ] ; then\n    # print error to STDERR\n    echo \"error: The sandbox is not in sync with the Podfile.lock. Run 'pod install' or update your CocoaPods installation.\" >&2\n    exit 1\nfi\n# This output is used by Xcode 'outputs' to avoid re-running this script phase.\necho \"SUCCESS\" > \"${SCRIPT_OUTPUT_FILE_0}\"\n";
			showEnvVarsInLog = 0;
		};
		CB4A8410D33138AE477839E4 /* [CP] Check Pods Manifest.lock */ = {
			isa = PBXShellScriptBuildPhase;
			buildActionMask = 2147483647;
			files = (
			);
			inputFileListPaths = (
			);
			inputPaths = (
				"${PODS_PODFILE_DIR_PATH}/Podfile.lock",
				"${PODS_ROOT}/Manifest.lock",
			);
			name = "[CP] Check Pods Manifest.lock";
			outputFileListPaths = (
			);
			outputPaths = (
				"$(DERIVED_FILE_DIR)/Pods-LoginFeature-checkManifestLockResult.txt",
			);
			runOnlyForDeploymentPostprocessing = 0;
			shellPath = /bin/sh;
			shellScript = "diff \"${PODS_PODFILE_DIR_PATH}/Podfile.lock\" \"${PODS_ROOT}/Manifest.lock\" > /dev/null\nif [ $? != 0 ] ; then\n    # print error to STDERR\n    echo \"error: The sandbox is not in sync with the Podfile.lock. Run 'pod install' or update your CocoaPods installation.\" >&2\n    exit 1\nfi\n# This output is used by Xcode 'outputs' to avoid re-running this script phase.\necho \"SUCCESS\" > \"${SCRIPT_OUTPUT_FILE_0}\"\n";
			showEnvVarsInLog = 0;
		};
/* End PBXShellScriptBuildPhase section */

/* Begin PBXSourcesBuildPhase section */
		0B46EBBB2E7AB56B000052DC /* Sources */ = {
			isa = PBXSourcesBuildPhase;
			buildActionMask = 2147483647;
			files = (
			);
			runOnlyForDeploymentPostprocessing = 0;
		};
		0B46EBC42E7AB56B000052DC /* Sources */ = {
			isa = PBXSourcesBuildPhase;
			buildActionMask = 2147483647;
			files = (
			);
			runOnlyForDeploymentPostprocessing = 0;
		};
		0B46EC052E7AB91F000052DC /* Sources */ = {
			isa = PBXSourcesBuildPhase;
			buildActionMask = 2147483647;
			files = (
			);
			runOnlyForDeploymentPostprocessing = 0;
		};
		0B46EC0E2E7AB921000052DC /* Sources */ = {
			isa = PBXSourcesBuildPhase;
			buildActionMask = 2147483647;
			files = (
			);
			runOnlyForDeploymentPostprocessing = 0;
		};
		0B575FAB2E61CEB400C00A60 /* Sources */ = {
			isa = PBXSourcesBuildPhase;
			buildActionMask = 2147483647;
			files = (
			);
			runOnlyForDeploymentPostprocessing = 0;
		};
		0B575FD02E6C37EE00C00A60 /* Sources */ = {
			isa = PBXSourcesBuildPhase;
			buildActionMask = 2147483647;
			files = (
			);
			runOnlyForDeploymentPostprocessing = 0;
		};
		0B575FD92E6C37F100C00A60 /* Sources */ = {
			isa = PBXSourcesBuildPhase;
			buildActionMask = 2147483647;
			files = (
			);
			runOnlyForDeploymentPostprocessing = 0;
		};
		FD1E5D022C5B9FC50062D2E7 /* Sources */ = {
			isa = PBXSourcesBuildPhase;
			buildActionMask = 2147483647;
			files = (
				0BE3837A2E7F3DB600FA1610 /* KeyChainHelper.swift in Sources */,
				0B46ECA52E7CDE31000052DC /* AppDI.swift in Sources */,
				0BE383822E7F6BFB00FA1610 /* FeedService.swift in Sources */,
				0BE3837F2E7F62B900FA1610 /* Feed.xcdatamodeld in Sources */,
				0BE383852E7F75BD00FA1610 /* FeedProvider.swift in Sources */,
				FD1E5D0A2C5B9FC50062D2E7 /* PostsAppApp.swift in Sources */,
				0BE3837C2E7F4D2800FA1610 /* FeedRepo.swift in Sources */,
				0BE383812E7F65D500FA1610 /* FeedDataStore.swift in Sources */,
			);
			runOnlyForDeploymentPostprocessing = 0;
		};
/* End PBXSourcesBuildPhase section */

/* Begin PBXTargetDependency section */
		0B46EBCB2E7AB56B000052DC /* PBXTargetDependency */ = {
			isa = PBXTargetDependency;
			target = 0B46EBBE2E7AB56B000052DC /* LoginFeature */;
			targetProxy = 0B46EBCA2E7AB56B000052DC /* PBXContainerItemProxy */;
		};
		0B46EBCD2E7AB56B000052DC /* PBXTargetDependency */ = {
			isa = PBXTargetDependency;
			target = FD1E5D052C5B9FC50062D2E7 /* PostsApp */;
			targetProxy = 0B46EBCC2E7AB56B000052DC /* PBXContainerItemProxy */;
		};
		0B46EBD32E7AB56B000052DC /* PBXTargetDependency */ = {
			isa = PBXTargetDependency;
			target = 0B46EBBE2E7AB56B000052DC /* LoginFeature */;
			targetProxy = 0B46EBD22E7AB56B000052DC /* PBXContainerItemProxy */;
		};
		0B46EC152E7AB921000052DC /* PBXTargetDependency */ = {
			isa = PBXTargetDependency;
			target = 0B46EC082E7AB91F000052DC /* Core */;
			targetProxy = 0B46EC142E7AB921000052DC /* PBXContainerItemProxy */;
		};
		0B46EC172E7AB921000052DC /* PBXTargetDependency */ = {
			isa = PBXTargetDependency;
			target = FD1E5D052C5B9FC50062D2E7 /* PostsApp */;
			targetProxy = 0B46EC162E7AB921000052DC /* PBXContainerItemProxy */;
		};
		0B46EC1D2E7AB921000052DC /* PBXTargetDependency */ = {
			isa = PBXTargetDependency;
			target = 0B46EC082E7AB91F000052DC /* Core */;
			targetProxy = 0B46EC1C2E7AB921000052DC /* PBXContainerItemProxy */;
		};
		0B575FB42E61CEB400C00A60 /* PBXTargetDependency */ = {
			isa = PBXTargetDependency;
			target = FD1E5D052C5B9FC50062D2E7 /* PostsApp */;
			targetProxy = 0B575FB32E61CEB400C00A60 /* PBXContainerItemProxy */;
		};
		0B575FE02E6C37F100C00A60 /* PBXTargetDependency */ = {
			isa = PBXTargetDependency;
			target = 0B575FD32E6C37EE00C00A60 /* FeedFeature */;
			targetProxy = 0B575FDF2E6C37F100C00A60 /* PBXContainerItemProxy */;
		};
		0B575FE22E6C37F100C00A60 /* PBXTargetDependency */ = {
			isa = PBXTargetDependency;
			target = FD1E5D052C5B9FC50062D2E7 /* PostsApp */;
			targetProxy = 0B575FE12E6C37F100C00A60 /* PBXContainerItemProxy */;
		};
		0B575FE82E6C37F100C00A60 /* PBXTargetDependency */ = {
			isa = PBXTargetDependency;
			target = 0B575FD32E6C37EE00C00A60 /* FeedFeature */;
			targetProxy = 0B575FE72E6C37F100C00A60 /* PBXContainerItemProxy */;
		};
/* End PBXTargetDependency section */

/* Begin XCBuildConfiguration section */
		0B46EBD82E7AB56B000052DC /* Debug */ = {
			isa = XCBuildConfiguration;
			baseConfigurationReference = F578752D34839F984CB93E8C /* Pods-LoginFeature.debug.xcconfig */;
			buildSettings = {
				BUILD_LIBRARY_FOR_DISTRIBUTION = YES;
				CODE_SIGN_IDENTITY = "Apple Development";
				CODE_SIGN_STYLE = Automatic;
				CURRENT_PROJECT_VERSION = 1;
				DEFINES_MODULE = YES;
				DEVELOPMENT_TEAM = 59LANKUC82;
				DYLIB_COMPATIBILITY_VERSION = 1;
				DYLIB_CURRENT_VERSION = 1;
				DYLIB_INSTALL_NAME_BASE = "@rpath";
				ENABLE_MODULE_VERIFIER = YES;
				GENERATE_INFOPLIST_FILE = YES;
				INFOPLIST_KEY_NSHumanReadableCopyright = "";
				INSTALL_PATH = "$(LOCAL_LIBRARY_DIR)/Frameworks";
				IPHONEOS_DEPLOYMENT_TARGET = 18.2;
				LD_RUNPATH_SEARCH_PATHS = (
					"$(inherited)",
					"@executable_path/Frameworks",
					"@loader_path/Frameworks",
				);
				MARKETING_VERSION = 1.0;
				MODULE_VERIFIER_SUPPORTED_LANGUAGES = "objective-c objective-c++";
				MODULE_VERIFIER_SUPPORTED_LANGUAGE_STANDARDS = "gnu17 gnu++20";
				PRODUCT_BUNDLE_IDENTIFIER = com.PostsApp.LoginFeature;
				PRODUCT_NAME = "$(TARGET_NAME:c99extidentifier)";
				SKIP_INSTALL = YES;
				SWIFT_EMIT_LOC_STRINGS = YES;
				SWIFT_INSTALL_OBJC_HEADER = NO;
				SWIFT_VERSION = 5.0;
				TARGETED_DEVICE_FAMILY = "1,2";
				VERSIONING_SYSTEM = "apple-generic";
				VERSION_INFO_PREFIX = "";
			};
			name = Debug;
		};
		0B46EBD92E7AB56B000052DC /* Release */ = {
			isa = XCBuildConfiguration;
			baseConfigurationReference = AD08014A754FD27F694467DE /* Pods-LoginFeature.release.xcconfig */;
			buildSettings = {
				BUILD_LIBRARY_FOR_DISTRIBUTION = YES;
				CODE_SIGN_IDENTITY = "Apple Development";
				CODE_SIGN_STYLE = Automatic;
				CURRENT_PROJECT_VERSION = 1;
				DEFINES_MODULE = YES;
				DEVELOPMENT_TEAM = 59LANKUC82;
				DYLIB_COMPATIBILITY_VERSION = 1;
				DYLIB_CURRENT_VERSION = 1;
				DYLIB_INSTALL_NAME_BASE = "@rpath";
				ENABLE_MODULE_VERIFIER = YES;
				GENERATE_INFOPLIST_FILE = YES;
				INFOPLIST_KEY_NSHumanReadableCopyright = "";
				INSTALL_PATH = "$(LOCAL_LIBRARY_DIR)/Frameworks";
				IPHONEOS_DEPLOYMENT_TARGET = 18.2;
				LD_RUNPATH_SEARCH_PATHS = (
					"$(inherited)",
					"@executable_path/Frameworks",
					"@loader_path/Frameworks",
				);
				MARKETING_VERSION = 1.0;
				MODULE_VERIFIER_SUPPORTED_LANGUAGES = "objective-c objective-c++";
				MODULE_VERIFIER_SUPPORTED_LANGUAGE_STANDARDS = "gnu17 gnu++20";
				PRODUCT_BUNDLE_IDENTIFIER = com.PostsApp.LoginFeature;
				PRODUCT_NAME = "$(TARGET_NAME:c99extidentifier)";
				SKIP_INSTALL = YES;
				SWIFT_EMIT_LOC_STRINGS = YES;
				SWIFT_INSTALL_OBJC_HEADER = NO;
				SWIFT_VERSION = 5.0;
				TARGETED_DEVICE_FAMILY = "1,2";
				VERSIONING_SYSTEM = "apple-generic";
				VERSION_INFO_PREFIX = "";
			};
			name = Release;
		};
		0B46EBDB2E7AB56B000052DC /* Debug */ = {
			isa = XCBuildConfiguration;
			buildSettings = {
				CODE_SIGN_STYLE = Automatic;
				CURRENT_PROJECT_VERSION = 1;
				DEVELOPMENT_TEAM = 59LANKUC82;
				GENERATE_INFOPLIST_FILE = YES;
				IPHONEOS_DEPLOYMENT_TARGET = 18.2;
				MARKETING_VERSION = 1.0;
				PRODUCT_BUNDLE_IDENTIFIER = com.PostsApp.LoginFeatureTests;
				PRODUCT_NAME = "$(TARGET_NAME)";
				SWIFT_EMIT_LOC_STRINGS = NO;
				SWIFT_VERSION = 5.0;
				TARGETED_DEVICE_FAMILY = "1,2";
				TEST_HOST = "$(BUILT_PRODUCTS_DIR)/PostsApp.app/$(BUNDLE_EXECUTABLE_FOLDER_PATH)/PostsApp";
			};
			name = Debug;
		};
		0B46EBDC2E7AB56B000052DC /* Release */ = {
			isa = XCBuildConfiguration;
			buildSettings = {
				CODE_SIGN_STYLE = Automatic;
				CURRENT_PROJECT_VERSION = 1;
				DEVELOPMENT_TEAM = 59LANKUC82;
				GENERATE_INFOPLIST_FILE = YES;
				IPHONEOS_DEPLOYMENT_TARGET = 18.2;
				MARKETING_VERSION = 1.0;
				PRODUCT_BUNDLE_IDENTIFIER = com.PostsApp.LoginFeatureTests;
				PRODUCT_NAME = "$(TARGET_NAME)";
				SWIFT_EMIT_LOC_STRINGS = NO;
				SWIFT_VERSION = 5.0;
				TARGETED_DEVICE_FAMILY = "1,2";
				TEST_HOST = "$(BUILT_PRODUCTS_DIR)/PostsApp.app/$(BUNDLE_EXECUTABLE_FOLDER_PATH)/PostsApp";
			};
			name = Release;
		};
		0B46EC202E7AB921000052DC /* Debug */ = {
			isa = XCBuildConfiguration;
			buildSettings = {
				BUILD_LIBRARY_FOR_DISTRIBUTION = YES;
				CODE_SIGN_IDENTITY = "Apple Development";
				CODE_SIGN_STYLE = Automatic;
				CURRENT_PROJECT_VERSION = 1;
				DEFINES_MODULE = YES;
				DEVELOPMENT_TEAM = 59LANKUC82;
				DYLIB_COMPATIBILITY_VERSION = 1;
				DYLIB_CURRENT_VERSION = 1;
				DYLIB_INSTALL_NAME_BASE = "@rpath";
				ENABLE_MODULE_VERIFIER = YES;
				GENERATE_INFOPLIST_FILE = YES;
				INFOPLIST_KEY_NSHumanReadableCopyright = "";
				INSTALL_PATH = "$(LOCAL_LIBRARY_DIR)/Frameworks";
				IPHONEOS_DEPLOYMENT_TARGET = 18.2;
				LD_RUNPATH_SEARCH_PATHS = (
					"$(inherited)",
					"@executable_path/Frameworks",
					"@loader_path/Frameworks",
				);
				MARKETING_VERSION = 1.0;
				MODULE_VERIFIER_SUPPORTED_LANGUAGES = "objective-c objective-c++";
				MODULE_VERIFIER_SUPPORTED_LANGUAGE_STANDARDS = "gnu17 gnu++20";
				PRODUCT_BUNDLE_IDENTIFIER = com.PostsApp.Core;
				PRODUCT_NAME = "$(TARGET_NAME:c99extidentifier)";
				SKIP_INSTALL = YES;
				SWIFT_EMIT_LOC_STRINGS = YES;
				SWIFT_INSTALL_OBJC_HEADER = NO;
				SWIFT_VERSION = 5.0;
				TARGETED_DEVICE_FAMILY = "1,2";
				VERSIONING_SYSTEM = "apple-generic";
				VERSION_INFO_PREFIX = "";
			};
			name = Debug;
		};
		0B46EC212E7AB921000052DC /* Release */ = {
			isa = XCBuildConfiguration;
			buildSettings = {
				BUILD_LIBRARY_FOR_DISTRIBUTION = YES;
				CODE_SIGN_IDENTITY = "Apple Development";
				CODE_SIGN_STYLE = Automatic;
				CURRENT_PROJECT_VERSION = 1;
				DEFINES_MODULE = YES;
				DEVELOPMENT_TEAM = 59LANKUC82;
				DYLIB_COMPATIBILITY_VERSION = 1;
				DYLIB_CURRENT_VERSION = 1;
				DYLIB_INSTALL_NAME_BASE = "@rpath";
				ENABLE_MODULE_VERIFIER = YES;
				GENERATE_INFOPLIST_FILE = YES;
				INFOPLIST_KEY_NSHumanReadableCopyright = "";
				INSTALL_PATH = "$(LOCAL_LIBRARY_DIR)/Frameworks";
				IPHONEOS_DEPLOYMENT_TARGET = 18.2;
				LD_RUNPATH_SEARCH_PATHS = (
					"$(inherited)",
					"@executable_path/Frameworks",
					"@loader_path/Frameworks",
				);
				MARKETING_VERSION = 1.0;
				MODULE_VERIFIER_SUPPORTED_LANGUAGES = "objective-c objective-c++";
				MODULE_VERIFIER_SUPPORTED_LANGUAGE_STANDARDS = "gnu17 gnu++20";
				PRODUCT_BUNDLE_IDENTIFIER = com.PostsApp.Core;
				PRODUCT_NAME = "$(TARGET_NAME:c99extidentifier)";
				SKIP_INSTALL = YES;
				SWIFT_EMIT_LOC_STRINGS = YES;
				SWIFT_INSTALL_OBJC_HEADER = NO;
				SWIFT_VERSION = 5.0;
				TARGETED_DEVICE_FAMILY = "1,2";
				VERSIONING_SYSTEM = "apple-generic";
				VERSION_INFO_PREFIX = "";
			};
			name = Release;
		};
		0B46EC222E7AB921000052DC /* Debug */ = {
			isa = XCBuildConfiguration;
			buildSettings = {
				CODE_SIGN_STYLE = Automatic;
				CURRENT_PROJECT_VERSION = 1;
				DEVELOPMENT_TEAM = 59LANKUC82;
				GENERATE_INFOPLIST_FILE = YES;
				IPHONEOS_DEPLOYMENT_TARGET = 18.2;
				MARKETING_VERSION = 1.0;
				PRODUCT_BUNDLE_IDENTIFIER = com.PostsApp.CoreTests;
				PRODUCT_NAME = "$(TARGET_NAME)";
				SWIFT_EMIT_LOC_STRINGS = NO;
				SWIFT_VERSION = 5.0;
				TARGETED_DEVICE_FAMILY = "1,2";
				TEST_HOST = "$(BUILT_PRODUCTS_DIR)/PostsApp.app/$(BUNDLE_EXECUTABLE_FOLDER_PATH)/PostsApp";
			};
			name = Debug;
		};
		0B46EC232E7AB921000052DC /* Release */ = {
			isa = XCBuildConfiguration;
			buildSettings = {
				CODE_SIGN_STYLE = Automatic;
				CURRENT_PROJECT_VERSION = 1;
				DEVELOPMENT_TEAM = 59LANKUC82;
				GENERATE_INFOPLIST_FILE = YES;
				IPHONEOS_DEPLOYMENT_TARGET = 18.2;
				MARKETING_VERSION = 1.0;
				PRODUCT_BUNDLE_IDENTIFIER = com.PostsApp.CoreTests;
				PRODUCT_NAME = "$(TARGET_NAME)";
				SWIFT_EMIT_LOC_STRINGS = NO;
				SWIFT_VERSION = 5.0;
				TARGETED_DEVICE_FAMILY = "1,2";
				TEST_HOST = "$(BUILT_PRODUCTS_DIR)/PostsApp.app/$(BUNDLE_EXECUTABLE_FOLDER_PATH)/PostsApp";
			};
			name = Release;
		};
		0B575FB62E61CEB400C00A60 /* Debug */ = {
			isa = XCBuildConfiguration;
			buildSettings = {
				BUNDLE_LOADER = "$(TEST_HOST)";
				CODE_SIGN_IDENTITY = "Apple Development";
				CODE_SIGN_STYLE = Automatic;
				CURRENT_PROJECT_VERSION = 1;
				DEVELOPMENT_TEAM = 59LANKUC82;
				GENERATE_INFOPLIST_FILE = YES;
				IPHONEOS_DEPLOYMENT_TARGET = 18.2;
				MARKETING_VERSION = 1.0;
				PRODUCT_BUNDLE_IDENTIFIER = com.PostsApp.PostsAppTests;
				"PRODUCT_BUNDLE_IDENTIFIER[sdk=iphoneos*]" = com.posts.PostsApp;
				PRODUCT_NAME = "$(TARGET_NAME)";
				PROVISIONING_PROFILE_SPECIFIER = "";
				SUPPORTED_PLATFORMS = "iphoneos iphonesimulator";
				SUPPORTS_MACCATALYST = NO;
				SUPPORTS_MAC_DESIGNED_FOR_IPHONE_IPAD = NO;
				SUPPORTS_XR_DESIGNED_FOR_IPHONE_IPAD = NO;
				SWIFT_EMIT_LOC_STRINGS = NO;
				SWIFT_VERSION = 5.0;
				TARGETED_DEVICE_FAMILY = "1,2";
				TEST_HOST = "$(BUILT_PRODUCTS_DIR)/PostsApp.app/$(BUNDLE_EXECUTABLE_FOLDER_PATH)/PostsApp";
			};
			name = Debug;
		};
		0B575FB72E61CEB400C00A60 /* Release */ = {
			isa = XCBuildConfiguration;
			buildSettings = {
				BUNDLE_LOADER = "$(TEST_HOST)";
				CODE_SIGN_IDENTITY = "Apple Development";
				CODE_SIGN_STYLE = Automatic;
				CURRENT_PROJECT_VERSION = 1;
				DEVELOPMENT_TEAM = 59LANKUC82;
				GENERATE_INFOPLIST_FILE = YES;
				IPHONEOS_DEPLOYMENT_TARGET = 18.2;
				MARKETING_VERSION = 1.0;
				PRODUCT_BUNDLE_IDENTIFIER = com.PostsApp.PostsAppTests;
				"PRODUCT_BUNDLE_IDENTIFIER[sdk=iphoneos*]" = com.posts.PostsApp;
				PRODUCT_NAME = "$(TARGET_NAME)";
				PROVISIONING_PROFILE_SPECIFIER = "";
				SUPPORTED_PLATFORMS = "iphoneos iphonesimulator";
				SUPPORTS_MACCATALYST = NO;
				SUPPORTS_MAC_DESIGNED_FOR_IPHONE_IPAD = NO;
				SUPPORTS_XR_DESIGNED_FOR_IPHONE_IPAD = NO;
				SWIFT_EMIT_LOC_STRINGS = NO;
				SWIFT_VERSION = 5.0;
				TARGETED_DEVICE_FAMILY = "1,2";
				TEST_HOST = "$(BUILT_PRODUCTS_DIR)/PostsApp.app/$(BUNDLE_EXECUTABLE_FOLDER_PATH)/PostsApp";
			};
			name = Release;
		};
		0B575FEC2E6C37F200C00A60 /* Debug */ = {
			isa = XCBuildConfiguration;
			baseConfigurationReferenceAnchor = 0B575FD52E6C37EE00C00A60 /* FeedFeature */;
			baseConfigurationReferenceRelativePath = dev.xcconfig;
			buildSettings = {
				BUILD_LIBRARY_FOR_DISTRIBUTION = YES;
				CODE_SIGN_IDENTITY = "Apple Development";
				CODE_SIGN_STYLE = Automatic;
				CURRENT_PROJECT_VERSION = 1;
				DEFINES_MODULE = YES;
				DEVELOPMENT_TEAM = 59LANKUC82;
				DYLIB_COMPATIBILITY_VERSION = 1;
				DYLIB_CURRENT_VERSION = 1;
				DYLIB_INSTALL_NAME_BASE = "@rpath";
				ENABLE_MODULE_VERIFIER = YES;
				GENERATE_INFOPLIST_FILE = YES;
				INFOPLIST_FILE = "$(PROJECT_DIR)/FeedFeature/Info.plist";
				INFOPLIST_KEY_NSHumanReadableCopyright = "";
				INSTALL_PATH = "$(LOCAL_LIBRARY_DIR)/Frameworks";
				IPHONEOS_DEPLOYMENT_TARGET = 18.2;
				LD_RUNPATH_SEARCH_PATHS = (
					"$(inherited)",
					"@executable_path/Frameworks",
				);
				MARKETING_VERSION = 1.0;
				MODULE_VERIFIER_SUPPORTED_LANGUAGES = "objective-c objective-c++";
				MODULE_VERIFIER_SUPPORTED_LANGUAGE_STANDARDS = "gnu17 gnu++20";
				PRODUCT_BUNDLE_IDENTIFIER = com.PostsApp.FeedFeature;
				PRODUCT_NAME = "$(TARGET_NAME:c99extidentifier)";
				SKIP_INSTALL = YES;
				SWIFT_EMIT_LOC_STRINGS = YES;
				SWIFT_INSTALL_OBJC_HEADER = NO;
				SWIFT_VERSION = 5.0;
				TARGETED_DEVICE_FAMILY = "1,2";
				VERSIONING_SYSTEM = "apple-generic";
				VERSION_INFO_PREFIX = "";
			};
			name = Debug;
		};
		0B575FED2E6C37F200C00A60 /* Release */ = {
			isa = XCBuildConfiguration;
			baseConfigurationReferenceAnchor = 0B575FD52E6C37EE00C00A60 /* FeedFeature */;
			baseConfigurationReferenceRelativePath = dev.xcconfig;
			buildSettings = {
				BUILD_LIBRARY_FOR_DISTRIBUTION = YES;
				CODE_SIGN_IDENTITY = "Apple Development";
				CODE_SIGN_STYLE = Automatic;
				CURRENT_PROJECT_VERSION = 1;
				DEFINES_MODULE = YES;
				DEVELOPMENT_TEAM = 59LANKUC82;
				DYLIB_COMPATIBILITY_VERSION = 1;
				DYLIB_CURRENT_VERSION = 1;
				DYLIB_INSTALL_NAME_BASE = "@rpath";
				ENABLE_MODULE_VERIFIER = YES;
				GENERATE_INFOPLIST_FILE = YES;
				INFOPLIST_FILE = "$(PROJECT_DIR)/FeedFeature/Info.plist";
				INFOPLIST_KEY_NSHumanReadableCopyright = "";
				INSTALL_PATH = "$(LOCAL_LIBRARY_DIR)/Frameworks";
				IPHONEOS_DEPLOYMENT_TARGET = 18.2;
				LD_RUNPATH_SEARCH_PATHS = (
					"$(inherited)",
					"@executable_path/Frameworks",
				);
				MARKETING_VERSION = 1.0;
				MODULE_VERIFIER_SUPPORTED_LANGUAGES = "objective-c objective-c++";
				MODULE_VERIFIER_SUPPORTED_LANGUAGE_STANDARDS = "gnu17 gnu++20";
				PRODUCT_BUNDLE_IDENTIFIER = com.PostsApp.FeedFeature;
				PRODUCT_NAME = "$(TARGET_NAME:c99extidentifier)";
				SKIP_INSTALL = YES;
				SWIFT_EMIT_LOC_STRINGS = YES;
				SWIFT_INSTALL_OBJC_HEADER = NO;
				SWIFT_VERSION = 5.0;
				TARGETED_DEVICE_FAMILY = "1,2";
				VERSIONING_SYSTEM = "apple-generic";
				VERSION_INFO_PREFIX = "";
			};
			name = Release;
		};
		0B575FEE2E6C37F200C00A60 /* Debug */ = {
			isa = XCBuildConfiguration;
			buildSettings = {
				CODE_SIGN_STYLE = Automatic;
				CURRENT_PROJECT_VERSION = 1;
				DEVELOPMENT_TEAM = 59LANKUC82;
				FRAMEWORK_SEARCH_PATHS = "$(inherited)";
				GENERATE_INFOPLIST_FILE = YES;
				IPHONEOS_DEPLOYMENT_TARGET = 18.2;
				MARKETING_VERSION = 1.0;
				PRODUCT_BUNDLE_IDENTIFIER = com.PostsApp.FeedFeatureTests;
				PRODUCT_NAME = "$(TARGET_NAME)";
				SWIFT_EMIT_LOC_STRINGS = NO;
				SWIFT_VERSION = 5.0;
				TARGETED_DEVICE_FAMILY = "1,2";
				TEST_HOST = "$(BUILT_PRODUCTS_DIR)/PostsApp.app/$(BUNDLE_EXECUTABLE_FOLDER_PATH)/PostsApp";
			};
			name = Debug;
		};
		0B575FEF2E6C37F200C00A60 /* Release */ = {
			isa = XCBuildConfiguration;
			buildSettings = {
				CODE_SIGN_STYLE = Automatic;
				CURRENT_PROJECT_VERSION = 1;
				DEVELOPMENT_TEAM = 59LANKUC82;
				FRAMEWORK_SEARCH_PATHS = "$(inherited)";
				GENERATE_INFOPLIST_FILE = YES;
				IPHONEOS_DEPLOYMENT_TARGET = 18.2;
				MARKETING_VERSION = 1.0;
				PRODUCT_BUNDLE_IDENTIFIER = com.PostsApp.FeedFeatureTests;
				PRODUCT_NAME = "$(TARGET_NAME)";
				SWIFT_EMIT_LOC_STRINGS = NO;
				SWIFT_VERSION = 5.0;
				TARGETED_DEVICE_FAMILY = "1,2";
				TEST_HOST = "$(BUILT_PRODUCTS_DIR)/PostsApp.app/$(BUNDLE_EXECUTABLE_FOLDER_PATH)/PostsApp";
			};
			name = Release;
		};
		FD1E5D122C5B9FC90062D2E7 /* Debug */ = {
			isa = XCBuildConfiguration;
			buildSettings = {
				ALWAYS_SEARCH_USER_PATHS = NO;
				ASSETCATALOG_COMPILER_GENERATE_SWIFT_ASSET_SYMBOL_EXTENSIONS = YES;
				CLANG_ANALYZER_NONNULL = YES;
				CLANG_ANALYZER_NUMBER_OBJECT_CONVERSION = YES_AGGRESSIVE;
				CLANG_CXX_LANGUAGE_STANDARD = "gnu++20";
				CLANG_ENABLE_MODULES = YES;
				CLANG_ENABLE_OBJC_ARC = YES;
				CLANG_ENABLE_OBJC_WEAK = YES;
				CLANG_WARN_BLOCK_CAPTURE_AUTORELEASING = YES;
				CLANG_WARN_BOOL_CONVERSION = YES;
				CLANG_WARN_COMMA = YES;
				CLANG_WARN_CONSTANT_CONVERSION = YES;
				CLANG_WARN_DEPRECATED_OBJC_IMPLEMENTATIONS = YES;
				CLANG_WARN_DIRECT_OBJC_ISA_USAGE = YES_ERROR;
				CLANG_WARN_DOCUMENTATION_COMMENTS = YES;
				CLANG_WARN_EMPTY_BODY = YES;
				CLANG_WARN_ENUM_CONVERSION = YES;
				CLANG_WARN_INFINITE_RECURSION = YES;
				CLANG_WARN_INT_CONVERSION = YES;
				CLANG_WARN_NON_LITERAL_NULL_CONVERSION = YES;
				CLANG_WARN_OBJC_IMPLICIT_RETAIN_SELF = YES;
				CLANG_WARN_OBJC_LITERAL_CONVERSION = YES;
				CLANG_WARN_OBJC_ROOT_CLASS = YES_ERROR;
				CLANG_WARN_QUOTED_INCLUDE_IN_FRAMEWORK_HEADER = YES;
				CLANG_WARN_RANGE_LOOP_ANALYSIS = YES;
				CLANG_WARN_STRICT_PROTOTYPES = YES;
				CLANG_WARN_SUSPICIOUS_MOVE = YES;
				CLANG_WARN_UNGUARDED_AVAILABILITY = YES_AGGRESSIVE;
				CLANG_WARN_UNREACHABLE_CODE = YES;
				CLANG_WARN__DUPLICATE_METHOD_MATCH = YES;
				COPY_PHASE_STRIP = NO;
				DEBUG_INFORMATION_FORMAT = dwarf;
				ENABLE_STRICT_OBJC_MSGSEND = YES;
				ENABLE_TESTABILITY = YES;
				ENABLE_USER_SCRIPT_SANDBOXING = YES;
				GCC_C_LANGUAGE_STANDARD = gnu17;
				GCC_DYNAMIC_NO_PIC = NO;
				GCC_NO_COMMON_BLOCKS = YES;
				GCC_OPTIMIZATION_LEVEL = 0;
				GCC_PREPROCESSOR_DEFINITIONS = (
					"DEBUG=1",
					"$(inherited)",
				);
				GCC_WARN_64_TO_32_BIT_CONVERSION = YES;
				GCC_WARN_ABOUT_RETURN_TYPE = YES_ERROR;
				GCC_WARN_UNDECLARED_SELECTOR = YES;
				GCC_WARN_UNINITIALIZED_AUTOS = YES_AGGRESSIVE;
				GCC_WARN_UNUSED_FUNCTION = YES;
				GCC_WARN_UNUSED_VARIABLE = YES;
				IPHONEOS_DEPLOYMENT_TARGET = 17.5;
				LOCALIZATION_PREFERS_STRING_CATALOGS = YES;
				MTL_ENABLE_DEBUG_INFO = INCLUDE_SOURCE;
				MTL_FAST_MATH = YES;
				ONLY_ACTIVE_ARCH = YES;
				SDKROOT = iphoneos;
				SWIFT_ACTIVE_COMPILATION_CONDITIONS = "DEBUG $(inherited)";
				SWIFT_OPTIMIZATION_LEVEL = "-Onone";
			};
			name = Debug;
		};
		FD1E5D132C5B9FC90062D2E7 /* Release */ = {
			isa = XCBuildConfiguration;
			buildSettings = {
				ALWAYS_SEARCH_USER_PATHS = NO;
				ASSETCATALOG_COMPILER_GENERATE_SWIFT_ASSET_SYMBOL_EXTENSIONS = YES;
				CLANG_ANALYZER_NONNULL = YES;
				CLANG_ANALYZER_NUMBER_OBJECT_CONVERSION = YES_AGGRESSIVE;
				CLANG_CXX_LANGUAGE_STANDARD = "gnu++20";
				CLANG_ENABLE_MODULES = YES;
				CLANG_ENABLE_OBJC_ARC = YES;
				CLANG_ENABLE_OBJC_WEAK = YES;
				CLANG_WARN_BLOCK_CAPTURE_AUTORELEASING = YES;
				CLANG_WARN_BOOL_CONVERSION = YES;
				CLANG_WARN_COMMA = YES;
				CLANG_WARN_CONSTANT_CONVERSION = YES;
				CLANG_WARN_DEPRECATED_OBJC_IMPLEMENTATIONS = YES;
				CLANG_WARN_DIRECT_OBJC_ISA_USAGE = YES_ERROR;
				CLANG_WARN_DOCUMENTATION_COMMENTS = YES;
				CLANG_WARN_EMPTY_BODY = YES;
				CLANG_WARN_ENUM_CONVERSION = YES;
				CLANG_WARN_INFINITE_RECURSION = YES;
				CLANG_WARN_INT_CONVERSION = YES;
				CLANG_WARN_NON_LITERAL_NULL_CONVERSION = YES;
				CLANG_WARN_OBJC_IMPLICIT_RETAIN_SELF = YES;
				CLANG_WARN_OBJC_LITERAL_CONVERSION = YES;
				CLANG_WARN_OBJC_ROOT_CLASS = YES_ERROR;
				CLANG_WARN_QUOTED_INCLUDE_IN_FRAMEWORK_HEADER = YES;
				CLANG_WARN_RANGE_LOOP_ANALYSIS = YES;
				CLANG_WARN_STRICT_PROTOTYPES = YES;
				CLANG_WARN_SUSPICIOUS_MOVE = YES;
				CLANG_WARN_UNGUARDED_AVAILABILITY = YES_AGGRESSIVE;
				CLANG_WARN_UNREACHABLE_CODE = YES;
				CLANG_WARN__DUPLICATE_METHOD_MATCH = YES;
				COPY_PHASE_STRIP = NO;
				DEBUG_INFORMATION_FORMAT = "dwarf-with-dsym";
				ENABLE_NS_ASSERTIONS = NO;
				ENABLE_STRICT_OBJC_MSGSEND = YES;
				ENABLE_USER_SCRIPT_SANDBOXING = YES;
				GCC_C_LANGUAGE_STANDARD = gnu17;
				GCC_NO_COMMON_BLOCKS = YES;
				GCC_WARN_64_TO_32_BIT_CONVERSION = YES;
				GCC_WARN_ABOUT_RETURN_TYPE = YES_ERROR;
				GCC_WARN_UNDECLARED_SELECTOR = YES;
				GCC_WARN_UNINITIALIZED_AUTOS = YES_AGGRESSIVE;
				GCC_WARN_UNUSED_FUNCTION = YES;
				GCC_WARN_UNUSED_VARIABLE = YES;
				IPHONEOS_DEPLOYMENT_TARGET = 17.5;
				LOCALIZATION_PREFERS_STRING_CATALOGS = YES;
				MTL_ENABLE_DEBUG_INFO = NO;
				MTL_FAST_MATH = YES;
				SDKROOT = iphoneos;
				SWIFT_COMPILATION_MODE = wholemodule;
				VALIDATE_PRODUCT = YES;
			};
			name = Release;
		};
		FD1E5D152C5B9FC90062D2E7 /* Debug */ = {
			isa = XCBuildConfiguration;
			baseConfigurationReference = 45940F0DB46DFF148AF0689D /* Pods-PostsApp.debug.xcconfig */;
			buildSettings = {
				ASSETCATALOG_COMPILER_APPICON_NAME = AppIcon;
				ASSETCATALOG_COMPILER_GLOBAL_ACCENT_COLOR_NAME = AccentColor;
				CODE_SIGN_IDENTITY = "Apple Development";
				CODE_SIGN_STYLE = Automatic;
				CURRENT_PROJECT_VERSION = 1;
				DEVELOPMENT_ASSET_PATHS = "\"PostsApp/Preview Content\"";
				DEVELOPMENT_TEAM = 59LANKUC82;
				ENABLE_PREVIEWS = YES;
				ENABLE_USER_SCRIPT_SANDBOXING = NO;
				FRAMEWORK_SEARCH_PATHS = "$(inherited)";
				GENERATE_INFOPLIST_FILE = YES;
				INFOPLIST_FILE = PostsApp/Info.plist;
				INFOPLIST_KEY_UIApplicationSceneManifest_Generation = YES;
				INFOPLIST_KEY_UIApplicationSupportsIndirectInputEvents = YES;
				INFOPLIST_KEY_UILaunchScreen_Generation = YES;
				INFOPLIST_KEY_UISupportedInterfaceOrientations_iPad = "UIInterfaceOrientationPortrait UIInterfaceOrientationPortraitUpsideDown UIInterfaceOrientationLandscapeLeft UIInterfaceOrientationLandscapeRight";
				INFOPLIST_KEY_UISupportedInterfaceOrientations_iPhone = "UIInterfaceOrientationPortrait UIInterfaceOrientationLandscapeLeft UIInterfaceOrientationLandscapeRight";
				LD_RUNPATH_SEARCH_PATHS = (
					"$(inherited)",
					"@executable_path/Frameworks",
				);
				MARKETING_VERSION = 1.0;
				PRODUCT_BUNDLE_IDENTIFIER = com.posts.PostsApp;
				PRODUCT_NAME = "$(TARGET_NAME)";
				PROVISIONING_PROFILE_SPECIFIER = "";
				SWIFT_EMIT_LOC_STRINGS = YES;
				SWIFT_VERSION = 5.0;
				TARGETED_DEVICE_FAMILY = "1,2";
			};
			name = Debug;
		};
		FD1E5D162C5B9FC90062D2E7 /* Release */ = {
			isa = XCBuildConfiguration;
			baseConfigurationReference = FC4D626432142F87688FA8F6 /* Pods-PostsApp.release.xcconfig */;
			buildSettings = {
				ASSETCATALOG_COMPILER_APPICON_NAME = AppIcon;
				ASSETCATALOG_COMPILER_GLOBAL_ACCENT_COLOR_NAME = AccentColor;
				CODE_SIGN_IDENTITY = "Apple Development";
				CODE_SIGN_STYLE = Automatic;
				CURRENT_PROJECT_VERSION = 1;
				DEVELOPMENT_ASSET_PATHS = "\"PostsApp/Preview Content\"";
				DEVELOPMENT_TEAM = 59LANKUC82;
				ENABLE_PREVIEWS = YES;
				ENABLE_USER_SCRIPT_SANDBOXING = NO;
				FRAMEWORK_SEARCH_PATHS = "$(inherited)";
				GENERATE_INFOPLIST_FILE = YES;
				INFOPLIST_FILE = PostsApp/Info.plist;
				INFOPLIST_KEY_UIApplicationSceneManifest_Generation = YES;
				INFOPLIST_KEY_UIApplicationSupportsIndirectInputEvents = YES;
				INFOPLIST_KEY_UILaunchScreen_Generation = YES;
				INFOPLIST_KEY_UISupportedInterfaceOrientations_iPad = "UIInterfaceOrientationPortrait UIInterfaceOrientationPortraitUpsideDown UIInterfaceOrientationLandscapeLeft UIInterfaceOrientationLandscapeRight";
				INFOPLIST_KEY_UISupportedInterfaceOrientations_iPhone = "UIInterfaceOrientationPortrait UIInterfaceOrientationLandscapeLeft UIInterfaceOrientationLandscapeRight";
				LD_RUNPATH_SEARCH_PATHS = (
					"$(inherited)",
					"@executable_path/Frameworks",
				);
				MARKETING_VERSION = 1.0;
				PRODUCT_BUNDLE_IDENTIFIER = com.posts.PostsApp;
				PRODUCT_NAME = "$(TARGET_NAME)";
				PROVISIONING_PROFILE_SPECIFIER = "";
				SWIFT_EMIT_LOC_STRINGS = YES;
				SWIFT_VERSION = 5.0;
				TARGETED_DEVICE_FAMILY = "1,2";
			};
			name = Release;
		};
/* End XCBuildConfiguration section */

/* Begin XCConfigurationList section */
		0B46EBD72E7AB56B000052DC /* Build configuration list for PBXNativeTarget "LoginFeature" */ = {
			isa = XCConfigurationList;
			buildConfigurations = (
				0B46EBD82E7AB56B000052DC /* Debug */,
				0B46EBD92E7AB56B000052DC /* Release */,
			);
			defaultConfigurationIsVisible = 0;
			defaultConfigurationName = Release;
		};
		0B46EBDA2E7AB56B000052DC /* Build configuration list for PBXNativeTarget "LoginFeatureTests" */ = {
			isa = XCConfigurationList;
			buildConfigurations = (
				0B46EBDB2E7AB56B000052DC /* Debug */,
				0B46EBDC2E7AB56B000052DC /* Release */,
			);
			defaultConfigurationIsVisible = 0;
			defaultConfigurationName = Release;
		};
		0B46EC252E7AB921000052DC /* Build configuration list for PBXNativeTarget "Core" */ = {
			isa = XCConfigurationList;
			buildConfigurations = (
				0B46EC202E7AB921000052DC /* Debug */,
				0B46EC212E7AB921000052DC /* Release */,
			);
			defaultConfigurationIsVisible = 0;
			defaultConfigurationName = Release;
		};
		0B46EC262E7AB921000052DC /* Build configuration list for PBXNativeTarget "CoreTests" */ = {
			isa = XCConfigurationList;
			buildConfigurations = (
				0B46EC222E7AB921000052DC /* Debug */,
				0B46EC232E7AB921000052DC /* Release */,
			);
			defaultConfigurationIsVisible = 0;
			defaultConfigurationName = Release;
		};
		0B575FB52E61CEB400C00A60 /* Build configuration list for PBXNativeTarget "PostsAppTests" */ = {
			isa = XCConfigurationList;
			buildConfigurations = (
				0B575FB62E61CEB400C00A60 /* Debug */,
				0B575FB72E61CEB400C00A60 /* Release */,
			);
			defaultConfigurationIsVisible = 0;
			defaultConfigurationName = Release;
		};
		0B575FF12E6C37F200C00A60 /* Build configuration list for PBXNativeTarget "FeedFeature" */ = {
			isa = XCConfigurationList;
			buildConfigurations = (
				0B575FEC2E6C37F200C00A60 /* Debug */,
				0B575FED2E6C37F200C00A60 /* Release */,
			);
			defaultConfigurationIsVisible = 0;
			defaultConfigurationName = Release;
		};
		0B575FF22E6C37F200C00A60 /* Build configuration list for PBXNativeTarget "FeedFeatureTests" */ = {
			isa = XCConfigurationList;
			buildConfigurations = (
				0B575FEE2E6C37F200C00A60 /* Debug */,
				0B575FEF2E6C37F200C00A60 /* Release */,
			);
			defaultConfigurationIsVisible = 0;
			defaultConfigurationName = Release;
		};
		FD1E5D012C5B9FC50062D2E7 /* Build configuration list for PBXProject "PostsApp" */ = {
			isa = XCConfigurationList;
			buildConfigurations = (
				FD1E5D122C5B9FC90062D2E7 /* Debug */,
				FD1E5D132C5B9FC90062D2E7 /* Release */,
			);
			defaultConfigurationIsVisible = 0;
			defaultConfigurationName = Release;
		};
		FD1E5D142C5B9FC90062D2E7 /* Build configuration list for PBXNativeTarget "PostsApp" */ = {
			isa = XCConfigurationList;
			buildConfigurations = (
				FD1E5D152C5B9FC90062D2E7 /* Debug */,
				FD1E5D162C5B9FC90062D2E7 /* Release */,
			);
			defaultConfigurationIsVisible = 0;
			defaultConfigurationName = Release;
		};
/* End XCConfigurationList section */

/* Begin XCRemoteSwiftPackageReference section */
		0B46ECA62E7CDEE9000052DC /* XCRemoteSwiftPackageReference "Swinject" */ = {
			isa = XCRemoteSwiftPackageReference;
			repositoryURL = "https://github.com/Swinject/Swinject";
			requirement = {
				kind = upToNextMajorVersion;
				minimumVersion = 2.10.0;
			};
		};
/* End XCRemoteSwiftPackageReference section */

/* Begin XCSwiftPackageProductDependency section */
		0B46ECA72E7CDEE9000052DC /* Swinject */ = {
			isa = XCSwiftPackageProductDependency;
			package = 0B46ECA62E7CDEE9000052DC /* XCRemoteSwiftPackageReference "Swinject" */;
			productName = Swinject;
		};
/* End XCSwiftPackageProductDependency section */

/* Begin XCVersionGroup section */
		0BE3837D2E7F62B900FA1610 /* Feed.xcdatamodeld */ = {
			isa = XCVersionGroup;
			children = (
				0BE3837E2E7F62B900FA1610 /* Feed.xcdatamodel */,
			);
			currentVersion = 0BE3837E2E7F62B900FA1610 /* Feed.xcdatamodel */;
			path = Feed.xcdatamodeld;
			sourceTree = "<group>";
			versionGroupType = wrapper.xcdatamodel;
		};
/* End XCVersionGroup section */
	};
	rootObject = FD1E5CFE2C5B9FC50062D2E7 /* Project object */;
}
