// !$*UTF8*$!
{
	archiveVersion = 1;
	classes = {
	};
	objectVersion = 56;
	objects = {

/* Begin PBXBuildFile section */
		04A17407B07E99F98F73F806 /* Pods_PostsApp.framework in Frameworks */ = {isa = PBXBuildFile; fileRef = DD1E3EE03346F1894A756AEC /* Pods_PostsApp.framework */; };
		FD1E5D0A2C5B9FC50062D2E7 /* PostsAppApp.swift in Sources */ = {isa = PBXBuildFile; fileRef = FD1E5D092C5B9FC50062D2E7 /* PostsAppApp.swift */; };
		FD1E5D0C2C5B9FC50062D2E7 /* PostsView.swift in Sources */ = {isa = PBXBuildFile; fileRef = FD1E5D0B2C5B9FC50062D2E7 /* PostsView.swift */; };
		FD1E5D0E2C5B9FC90062D2E7 /* Assets.xcassets in Resources */ = {isa = PBXBuildFile; fileRef = FD1E5D0D2C5B9FC90062D2E7 /* Assets.xcassets */; };
		FD1E5D112C5B9FC90062D2E7 /* Preview Assets.xcassets in Resources */ = {isa = PBXBuildFile; fileRef = FD1E5D102C5B9FC90062D2E7 /* Preview Assets.xcassets */; };
		FD1E5D182C5BA0B80062D2E7 /* PostsViewModel.swift in Sources */ = {isa = PBXBuildFile; fileRef = FD1E5D172C5BA0B80062D2E7 /* PostsViewModel.swift */; };
		FD1E5D1A2C5BA0E50062D2E7 /* PostsService.swift in Sources */ = {isa = PBXBuildFile; fileRef = FD1E5D192C5BA0E50062D2E7 /* PostsService.swift */; };
		FD6238922C5E5170006BB2FB /* PostModel.swift in Sources */ = {isa = PBXBuildFile; fileRef = FD6238912C5E5170006BB2FB /* PostModel.swift */; };
/* End PBXBuildFile section */

/* Begin PBXFileReference section */
		3C56EA52FC2345732FFE69A0 /* Pods-PostsApp.debug.xcconfig */ = {isa = PBXFileReference; includeInIndex = 1; lastKnownFileType = text.xcconfig; name = "Pods-PostsApp.debug.xcconfig"; path = "Target Support Files/Pods-PostsApp/Pods-PostsApp.debug.xcconfig"; sourceTree = "<group>"; };
		DD1E3EE03346F1894A756AEC /* Pods_PostsApp.framework */ = {isa = PBXFileReference; explicitFileType = wrapper.framework; includeInIndex = 0; path = Pods_PostsApp.framework; sourceTree = BUILT_PRODUCTS_DIR; };
		FD1E5D062C5B9FC50062D2E7 /* PostsApp.app */ = {isa = PBXFileReference; explicitFileType = wrapper.application; includeInIndex = 0; path = PostsApp.app; sourceTree = BUILT_PRODUCTS_DIR; };
		FD1E5D092C5B9FC50062D2E7 /* PostsAppApp.swift */ = {isa = PBXFileReference; lastKnownFileType = sourcecode.swift; path = PostsAppApp.swift; sourceTree = "<group>"; };
		FD1E5D0B2C5B9FC50062D2E7 /* PostsView.swift */ = {isa = PBXFileReference; lastKnownFileType = sourcecode.swift; path = PostsView.swift; sourceTree = "<group>"; };
		FD1E5D0D2C5B9FC90062D2E7 /* Assets.xcassets */ = {isa = PBXFileReference; lastKnownFileType = folder.assetcatalog; path = Assets.xcassets; sourceTree = "<group>"; };
		FD1E5D102C5B9FC90062D2E7 /* Preview Assets.xcassets */ = {isa = PBXFileReference; lastKnownFileType = folder.assetcatalog; path = "Preview Assets.xcassets"; sourceTree = "<group>"; };
		FD1E5D172C5BA0B80062D2E7 /* PostsViewModel.swift */ = {isa = PBXFileReference; lastKnownFileType = sourcecode.swift; path = PostsViewModel.swift; sourceTree = "<group>"; };
		FD1E5D192C5BA0E50062D2E7 /* PostsService.swift */ = {isa = PBXFileReference; lastKnownFileType = sourcecode.swift; path = PostsService.swift; sourceTree = "<group>"; };
		FD6238912C5E5170006BB2FB /* PostModel.swift */ = {isa = PBXFileReference; lastKnownFileType = sourcecode.swift; path = PostModel.swift; sourceTree = "<group>"; };
		FE4E5A9706FD18BFBCFAB2A8 /* Pods-PostsApp.release.xcconfig */ = {isa = PBXFileReference; includeInIndex = 1; lastKnownFileType = text.xcconfig; name = "Pods-PostsApp.release.xcconfig"; path = "Target Support Files/Pods-PostsApp/Pods-PostsApp.release.xcconfig"; sourceTree = "<group>"; };
/* End PBXFileReference section */

/* Begin PBXFrameworksBuildPhase section */
		FD1E5D032C5B9FC50062D2E7 /* Frameworks */ = {
			isa = PBXFrameworksBuildPhase;
			buildActionMask = 2147483647;
			files = (
				04A17407B07E99F98F73F806 /* Pods_PostsApp.framework in Frameworks */,
			);
			runOnlyForDeploymentPostprocessing = 0;
		};
/* End PBXFrameworksBuildPhase section */

/* Begin PBXGroup section */
		435D2EC62F32AEADB3C13285 /* Frameworks */ = {
			isa = PBXGroup;
			children = (
				DD1E3EE03346F1894A756AEC /* Pods_PostsApp.framework */,
			);
			name = Frameworks;
			sourceTree = "<group>";
		};
		6B5CDF90D64E0F4E40111EAA /* Pods */ = {
			isa = PBXGroup;
			children = (
				3C56EA52FC2345732FFE69A0 /* Pods-PostsApp.debug.xcconfig */,
				FE4E5A9706FD18BFBCFAB2A8 /* Pods-PostsApp.release.xcconfig */,
			);
			path = Pods;
			sourceTree = "<group>";
		};
		FD1E5CFD2C5B9FC50062D2E7 = {
			isa = PBXGroup;
			children = (
				FD1E5D082C5B9FC50062D2E7 /* PostsApp */,
				FD1E5D072C5B9FC50062D2E7 /* Products */,
				6B5CDF90D64E0F4E40111EAA /* Pods */,
				435D2EC62F32AEADB3C13285 /* Frameworks */,
			);
			sourceTree = "<group>";
		};
		FD1E5D072C5B9FC50062D2E7 /* Products */ = {
			isa = PBXGroup;
			children = (
				FD1E5D062C5B9FC50062D2E7 /* PostsApp.app */,
			);
			name = Products;
			sourceTree = "<group>";
		};
		FD1E5D082C5B9FC50062D2E7 /* PostsApp */ = {
			isa = PBXGroup;
			children = (
				FD1E5D092C5B9FC50062D2E7 /* PostsAppApp.swift */,
				FD6238912C5E5170006BB2FB /* PostModel.swift */,
				FD1E5D0B2C5B9FC50062D2E7 /* PostsView.swift */,
				FD1E5D172C5BA0B80062D2E7 /* PostsViewModel.swift */,
				FD1E5D192C5BA0E50062D2E7 /* PostsService.swift */,
				FD1E5D0D2C5B9FC90062D2E7 /* Assets.xcassets */,
				FD1E5D0F2C5B9FC90062D2E7 /* Preview Content */,
			);
			path = PostsApp;
			sourceTree = "<group>";
		};
		FD1E5D0F2C5B9FC90062D2E7 /* Preview Content */ = {
			isa = PBXGroup;
			children = (
				FD1E5D102C5B9FC90062D2E7 /* Preview Assets.xcassets */,
			);
			path = "Preview Content";
			sourceTree = "<group>";
		};
/* End PBXGroup section */

/* Begin PBXNativeTarget section */
		FD1E5D052C5B9FC50062D2E7 /* PostsApp */ = {
			isa = PBXNativeTarget;
			buildConfigurationList = FD1E5D142C5B9FC90062D2E7 /* Build configuration list for PBXNativeTarget "PostsApp" */;
			buildPhases = (
				0ECCE6D7C32F03B6AA319408 /* [CP] Check Pods Manifest.lock */,
				FD1E5D022C5B9FC50062D2E7 /* Sources */,
				FD1E5D032C5B9FC50062D2E7 /* Frameworks */,
				FD1E5D042C5B9FC50062D2E7 /* Resources */,
				7F8DE06101A7664479D90B12 /* [CP] Embed Pods Frameworks */,
			);
			buildRules = (
			);
			dependencies = (
			);
			name = PostsApp;
			productName = PostsApp;
			productReference = FD1E5D062C5B9FC50062D2E7 /* PostsApp.app */;
			productType = "com.apple.product-type.application";
		};
/* End PBXNativeTarget section */

/* Begin PBXProject section */
		FD1E5CFE2C5B9FC50062D2E7 /* Project object */ = {
			isa = PBXProject;
			attributes = {
				BuildIndependentTargetsInParallel = 1;
				LastSwiftUpdateCheck = 1540;
				LastUpgradeCheck = 1540;
				TargetAttributes = {
					FD1E5D052C5B9FC50062D2E7 = {
						CreatedOnToolsVersion = 15.4;
					};
				};
			};
			buildConfigurationList = FD1E5D012C5B9FC50062D2E7 /* Build configuration list for PBXProject "PostsApp" */;
			compatibilityVersion = "Xcode 14.0";
			developmentRegion = en;
			hasScannedForEncodings = 0;
			knownRegions = (
				en,
				Base,
			);
			mainGroup = FD1E5CFD2C5B9FC50062D2E7;
			productRefGroup = FD1E5D072C5B9FC50062D2E7 /* Products */;
			projectDirPath = "";
			projectRoot = "";
			targets = (
				FD1E5D052C5B9FC50062D2E7 /* PostsApp */,
			);
		};
/* End PBXProject section */

/* Begin PBXResourcesBuildPhase section */
		FD1E5D042C5B9FC50062D2E7 /* Resources */ = {
			isa = PBXResourcesBuildPhase;
			buildActionMask = 2147483647;
			files = (
				FD1E5D112C5B9FC90062D2E7 /* Preview Assets.xcassets in Resources */,
				FD1E5D0E2C5B9FC90062D2E7 /* Assets.xcassets in Resources */,
			);
			runOnlyForDeploymentPostprocessing = 0;
		};
/* End PBXResourcesBuildPhase section */

/* Begin PBXShellScriptBuildPhase section */
		0ECCE6D7C32F03B6AA319408 /* [CP] Check Pods Manifest.lock */ = {
			isa = PBXShellScriptBuildPhase;
			buildActionMask = 2147483647;
			files = (
			);
			inputFileListPaths = (
			);
			inputPaths = (
				"${PODS_PODFILE_DIR_PATH}/Podfile.lock",
				"${PODS_ROOT}/Manifest.lock",
			);
			name = "[CP] Check Pods Manifest.lock";
			outputFileListPaths = (
			);
			outputPaths = (
				"$(DERIVED_FILE_DIR)/Pods-PostsApp-checkManifestLockResult.txt",
			);
			runOnlyForDeploymentPostprocessing = 0;
			shellPath = /bin/sh;
			shellScript = "diff \"${PODS_PODFILE_DIR_PATH}/Podfile.lock\" \"${PODS_ROOT}/Manifest.lock\" > /dev/null\nif [ $? != 0 ] ; then\n    # print error to STDERR\n    echo \"error: The sandbox is not in sync with the Podfile.lock. Run 'pod install' or update your CocoaPods installation.\" >&2\n    exit 1\nfi\n# This output is used by Xcode 'outputs' to avoid re-running this script phase.\necho \"SUCCESS\" > \"${SCRIPT_OUTPUT_FILE_0}\"\n";
			showEnvVarsInLog = 0;
		};
		7F8DE06101A7664479D90B12 /* [CP] Embed Pods Frameworks */ = {
			isa = PBXShellScriptBuildPhase;
			buildActionMask = 2147483647;
			files = (
			);
			inputFileListPaths = (
				"${PODS_ROOT}/Target Support Files/Pods-PostsApp/Pods-PostsApp-frameworks-${CONFIGURATION}-input-files.xcfilelist",
			);
			name = "[CP] Embed Pods Frameworks";
			outputFileListPaths = (
				"${PODS_ROOT}/Target Support Files/Pods-PostsApp/Pods-PostsApp-frameworks-${CONFIGURATION}-output-files.xcfilelist",
			);
			runOnlyForDeploymentPostprocessing = 0;
			shellPath = /bin/sh;
			shellScript = "\"${PODS_ROOT}/Target Support Files/Pods-PostsApp/Pods-PostsApp-frameworks.sh\"\n";
			showEnvVarsInLog = 0;
		};
/* End PBXShellScriptBuildPhase section */

/* Begin PBXSourcesBuildPhase section */
		FD1E5D022C5B9FC50062D2E7 /* Sources */ = {
			isa = PBXSourcesBuildPhase;
			buildActionMask = 2147483647;
			files = (
				FD1E5D0C2C5B9FC50062D2E7 /* PostsView.swift in Sources */,
				FD6238922C5E5170006BB2FB /* PostModel.swift in Sources */,
				FD1E5D0A2C5B9FC50062D2E7 /* PostsAppApp.swift in Sources */,
				FD1E5D182C5BA0B80062D2E7 /* PostsViewModel.swift in Sources */,
				FD1E5D1A2C5BA0E50062D2E7 /* PostsService.swift in Sources */,
			);
			runOnlyForDeploymentPostprocessing = 0;
		};
/* End PBXSourcesBuildPhase section */

/* Begin XCBuildConfiguration section */
		FD1E5D122C5B9FC90062D2E7 /* Debug */ = {
			isa = XCBuildConfiguration;
			buildSettings = {
				ALWAYS_SEARCH_USER_PATHS = NO;
				ASSETCATALOG_COMPILER_GENERATE_SWIFT_ASSET_SYMBOL_EXTENSIONS = YES;
				CLANG_ANALYZER_NONNULL = YES;
				CLANG_ANALYZER_NUMBER_OBJECT_CONVERSION = YES_AGGRESSIVE;
				CLANG_CXX_LANGUAGE_STANDARD = "gnu++20";
				CLANG_ENABLE_MODULES = YES;
				CLANG_ENABLE_OBJC_ARC = YES;
				CLANG_ENABLE_OBJC_WEAK = YES;
				CLANG_WARN_BLOCK_CAPTURE_AUTORELEASING = YES;
				CLANG_WARN_BOOL_CONVERSION = YES;
				CLANG_WARN_COMMA = YES;
				CLANG_WARN_CONSTANT_CONVERSION = YES;
				CLANG_WARN_DEPRECATED_OBJC_IMPLEMENTATIONS = YES;
				CLANG_WARN_DIRECT_OBJC_ISA_USAGE = YES_ERROR;
				CLANG_WARN_DOCUMENTATION_COMMENTS = YES;
				CLANG_WARN_EMPTY_BODY = YES;
				CLANG_WARN_ENUM_CONVERSION = YES;
				CLANG_WARN_INFINITE_RECURSION = YES;
				CLANG_WARN_INT_CONVERSION = YES;
				CLANG_WARN_NON_LITERAL_NULL_CONVERSION = YES;
				CLANG_WARN_OBJC_IMPLICIT_RETAIN_SELF = YES;
				CLANG_WARN_OBJC_LITERAL_CONVERSION = YES;
				CLANG_WARN_OBJC_ROOT_CLASS = YES_ERROR;
				CLANG_WARN_QUOTED_INCLUDE_IN_FRAMEWORK_HEADER = YES;
				CLANG_WARN_RANGE_LOOP_ANALYSIS = YES;
				CLANG_WARN_STRICT_PROTOTYPES = YES;
				CLANG_WARN_SUSPICIOUS_MOVE = YES;
				CLANG_WARN_UNGUARDED_AVAILABILITY = YES_AGGRESSIVE;
				CLANG_WARN_UNREACHABLE_CODE = YES;
				CLANG_WARN__DUPLICATE_METHOD_MATCH = YES;
				COPY_PHASE_STRIP = NO;
				DEBUG_INFORMATION_FORMAT = dwarf;
				ENABLE_STRICT_OBJC_MSGSEND = YES;
				ENABLE_TESTABILITY = YES;
				ENABLE_USER_SCRIPT_SANDBOXING = YES;
				GCC_C_LANGUAGE_STANDARD = gnu17;
				GCC_DYNAMIC_NO_PIC = NO;
				GCC_NO_COMMON_BLOCKS = YES;
				GCC_OPTIMIZATION_LEVEL = 0;
				GCC_PREPROCESSOR_DEFINITIONS = (
					"DEBUG=1",
					"$(inherited)",
				);
				GCC_WARN_64_TO_32_BIT_CONVERSION = YES;
				GCC_WARN_ABOUT_RETURN_TYPE = YES_ERROR;
				GCC_WARN_UNDECLARED_SELECTOR = YES;
				GCC_WARN_UNINITIALIZED_AUTOS = YES_AGGRESSIVE;
				GCC_WARN_UNUSED_FUNCTION = YES;
				GCC_WARN_UNUSED_VARIABLE = YES;
				IPHONEOS_DEPLOYMENT_TARGET = 17.5;
				LOCALIZATION_PREFERS_STRING_CATALOGS = YES;
				MTL_ENABLE_DEBUG_INFO = INCLUDE_SOURCE;
				MTL_FAST_MATH = YES;
				ONLY_ACTIVE_ARCH = YES;
				SDKROOT = iphoneos;
				SWIFT_ACTIVE_COMPILATION_CONDITIONS = "DEBUG $(inherited)";
				SWIFT_OPTIMIZATION_LEVEL = "-Onone";
			};
			name = Debug;
		};
		FD1E5D132C5B9FC90062D2E7 /* Release */ = {
			isa = XCBuildConfiguration;
			buildSettings = {
				ALWAYS_SEARCH_USER_PATHS = NO;
				ASSETCATALOG_COMPILER_GENERATE_SWIFT_ASSET_SYMBOL_EXTENSIONS = YES;
				CLANG_ANALYZER_NONNULL = YES;
				CLANG_ANALYZER_NUMBER_OBJECT_CONVERSION = YES_AGGRESSIVE;
				CLANG_CXX_LANGUAGE_STANDARD = "gnu++20";
				CLANG_ENABLE_MODULES = YES;
				CLANG_ENABLE_OBJC_ARC = YES;
				CLANG_ENABLE_OBJC_WEAK = YES;
				CLANG_WARN_BLOCK_CAPTURE_AUTORELEASING = YES;
				CLANG_WARN_BOOL_CONVERSION = YES;
				CLANG_WARN_COMMA = YES;
				CLANG_WARN_CONSTANT_CONVERSION = YES;
				CLANG_WARN_DEPRECATED_OBJC_IMPLEMENTATIONS = YES;
				CLANG_WARN_DIRECT_OBJC_ISA_USAGE = YES_ERROR;
				CLANG_WARN_DOCUMENTATION_COMMENTS = YES;
				CLANG_WARN_EMPTY_BODY = YES;
				CLANG_WARN_ENUM_CONVERSION = YES;
				CLANG_WARN_INFINITE_RECURSION = YES;
				CLANG_WARN_INT_CONVERSION = YES;
				CLANG_WARN_NON_LITERAL_NULL_CONVERSION = YES;
				CLANG_WARN_OBJC_IMPLICIT_RETAIN_SELF = YES;
				CLANG_WARN_OBJC_LITERAL_CONVERSION = YES;
				CLANG_WARN_OBJC_ROOT_CLASS = YES_ERROR;
				CLANG_WARN_QUOTED_INCLUDE_IN_FRAMEWORK_HEADER = YES;
				CLANG_WARN_RANGE_LOOP_ANALYSIS = YES;
				CLANG_WARN_STRICT_PROTOTYPES = YES;
				CLANG_WARN_SUSPICIOUS_MOVE = YES;
				CLANG_WARN_UNGUARDED_AVAILABILITY = YES_AGGRESSIVE;
				CLANG_WARN_UNREACHABLE_CODE = YES;
				CLANG_WARN__DUPLICATE_METHOD_MATCH = YES;
				COPY_PHASE_STRIP = NO;
				DEBUG_INFORMATION_FORMAT = "dwarf-with-dsym";
				ENABLE_NS_ASSERTIONS = NO;
				ENABLE_STRICT_OBJC_MSGSEND = YES;
				ENABLE_USER_SCRIPT_SANDBOXING = YES;
				GCC_C_LANGUAGE_STANDARD = gnu17;
				GCC_NO_COMMON_BLOCKS = YES;
				GCC_WARN_64_TO_32_BIT_CONVERSION = YES;
				GCC_WARN_ABOUT_RETURN_TYPE = YES_ERROR;
				GCC_WARN_UNDECLARED_SELECTOR = YES;
				GCC_WARN_UNINITIALIZED_AUTOS = YES_AGGRESSIVE;
				GCC_WARN_UNUSED_FUNCTION = YES;
				GCC_WARN_UNUSED_VARIABLE = YES;
				IPHONEOS_DEPLOYMENT_TARGET = 17.5;
				LOCALIZATION_PREFERS_STRING_CATALOGS = YES;
				MTL_ENABLE_DEBUG_INFO = NO;
				MTL_FAST_MATH = YES;
				SDKROOT = iphoneos;
				SWIFT_COMPILATION_MODE = wholemodule;
				VALIDATE_PRODUCT = YES;
			};
			name = Release;
		};
		FD1E5D152C5B9FC90062D2E7 /* Debug */ = {
			isa = XCBuildConfiguration;
			baseConfigurationReference = 3C56EA52FC2345732FFE69A0 /* Pods-PostsApp.debug.xcconfig */;
			buildSettings = {
				ASSETCATALOG_COMPILER_APPICON_NAME = AppIcon;
				ASSETCATALOG_COMPILER_GLOBAL_ACCENT_COLOR_NAME = AccentColor;
				CODE_SIGN_STYLE = Automatic;
				CURRENT_PROJECT_VERSION = 1;
				DEVELOPMENT_ASSET_PATHS = "\"PostsApp/Preview Content\"";
				DEVELOPMENT_TEAM = 59LANKUC82;
				ENABLE_PREVIEWS = YES;
				ENABLE_USER_SCRIPT_SANDBOXING = NO;
				GENERATE_INFOPLIST_FILE = YES;
				INFOPLIST_KEY_UIApplicationSceneManifest_Generation = YES;
				INFOPLIST_KEY_UIApplicationSupportsIndirectInputEvents = YES;
				INFOPLIST_KEY_UILaunchScreen_Generation = YES;
				INFOPLIST_KEY_UISupportedInterfaceOrientations_iPad = "UIInterfaceOrientationPortrait UIInterfaceOrientationPortraitUpsideDown UIInterfaceOrientationLandscapeLeft UIInterfaceOrientationLandscapeRight";
				INFOPLIST_KEY_UISupportedInterfaceOrientations_iPhone = "UIInterfaceOrientationPortrait UIInterfaceOrientationLandscapeLeft UIInterfaceOrientationLandscapeRight";
				LD_RUNPATH_SEARCH_PATHS = (
					"$(inherited)",
					"@executable_path/Frameworks",
				);
				MARKETING_VERSION = 1.0;
				PRODUCT_BUNDLE_IDENTIFIER = com.posts.PostsApp;
				PRODUCT_NAME = "$(TARGET_NAME)";
				SWIFT_EMIT_LOC_STRINGS = YES;
				SWIFT_VERSION = 5.0;
				TARGETED_DEVICE_FAMILY = "1,2";
			};
			name = Debug;
		};
		FD1E5D162C5B9FC90062D2E7 /* Release */ = {
			isa = XCBuildConfiguration;
			baseConfigurationReference = FE4E5A9706FD18BFBCFAB2A8 /* Pods-PostsApp.release.xcconfig */;
			buildSettings = {
				ASSETCATALOG_COMPILER_APPICON_NAME = AppIcon;
				ASSETCATALOG_COMPILER_GLOBAL_ACCENT_COLOR_NAME = AccentColor;
				CODE_SIGN_STYLE = Automatic;
				CURRENT_PROJECT_VERSION = 1;
				DEVELOPMENT_ASSET_PATHS = "\"PostsApp/Preview Content\"";
				DEVELOPMENT_TEAM = 59LANKUC82;
				ENABLE_PREVIEWS = YES;
				ENABLE_USER_SCRIPT_SANDBOXING = NO;
				GENERATE_INFOPLIST_FILE = YES;
				INFOPLIST_KEY_UIApplicationSceneManifest_Generation = YES;
				INFOPLIST_KEY_UIApplicationSupportsIndirectInputEvents = YES;
				INFOPLIST_KEY_UILaunchScreen_Generation = YES;
				INFOPLIST_KEY_UISupportedInterfaceOrientations_iPad = "UIInterfaceOrientationPortrait UIInterfaceOrientationPortraitUpsideDown UIInterfaceOrientationLandscapeLeft UIInterfaceOrientationLandscapeRight";
				INFOPLIST_KEY_UISupportedInterfaceOrientations_iPhone = "UIInterfaceOrientationPortrait UIInterfaceOrientationLandscapeLeft UIInterfaceOrientationLandscapeRight";
				LD_RUNPATH_SEARCH_PATHS = (
					"$(inherited)",
					"@executable_path/Frameworks",
				);
				MARKETING_VERSION = 1.0;
				PRODUCT_BUNDLE_IDENTIFIER = com.posts.PostsApp;
				PRODUCT_NAME = "$(TARGET_NAME)";
				SWIFT_EMIT_LOC_STRINGS = YES;
				SWIFT_VERSION = 5.0;
				TARGETED_DEVICE_FAMILY = "1,2";
			};
			name = Release;
		};
/* End XCBuildConfiguration section */

/* Begin XCConfigurationList section */
		FD1E5D012C5B9FC50062D2E7 /* Build configuration list for PBXProject "PostsApp" */ = {
			isa = XCConfigurationList;
			buildConfigurations = (
				FD1E5D122C5B9FC90062D2E7 /* Debug */,
				FD1E5D132C5B9FC90062D2E7 /* Release */,
			);
			defaultConfigurationIsVisible = 0;
			defaultConfigurationName = Release;
		};
		FD1E5D142C5B9FC90062D2E7 /* Build configuration list for PBXNativeTarget "PostsApp" */ = {
			isa = XCConfigurationList;
			buildConfigurations = (
				FD1E5D152C5B9FC90062D2E7 /* Debug */,
				FD1E5D162C5B9FC90062D2E7 /* Release */,
			);
			defaultConfigurationIsVisible = 0;
			defaultConfigurationName = Release;
		};
/* End XCConfigurationList section */
	};
	rootObject = FD1E5CFE2C5B9FC50062D2E7 /* Project object */;
}
